// !$*UTF8*$!
{
	archiveVersion = 1;
	classes = {
	};
	objectVersion = 46;
	objects = {

/* Begin PBXBuildFile section */
		B5833CD11AC30329007F7F87 /* main.m in Sources */ = {isa = PBXBuildFile; fileRef = B5833CD01AC30329007F7F87 /* main.m */; };
		B5833CD41AC30329007F7F87 /* AppDelegate.m in Sources */ = {isa = PBXBuildFile; fileRef = B5833CD31AC30329007F7F87 /* AppDelegate.m */; };
		B5833CD71AC30329007F7F87 /* ViewController.m in Sources */ = {isa = PBXBuildFile; fileRef = B5833CD61AC30329007F7F87 /* ViewController.m */; };
		B5833CDA1AC30329007F7F87 /* Main.storyboard in Resources */ = {isa = PBXBuildFile; fileRef = B5833CD81AC30329007F7F87 /* Main.storyboard */; };
		B5833CDC1AC30329007F7F87 /* Images.xcassets in Resources */ = {isa = PBXBuildFile; fileRef = B5833CDB1AC30329007F7F87 /* Images.xcassets */; };
		B5833CDF1AC30329007F7F87 /* LaunchScreen.xib in Resources */ = {isa = PBXBuildFile; fileRef = B5833CDD1AC30329007F7F87 /* LaunchScreen.xib */; };
		B5833CEB1AC30329007F7F87 /* transformTests.m in Sources */ = {isa = PBXBuildFile; fileRef = B5833CEA1AC30329007F7F87 /* transformTests.m */; };
/* End PBXBuildFile section */

/* Begin PBXContainerItemProxy section */
		B5833CE51AC30329007F7F87 /* PBXContainerItemProxy */ = {
			isa = PBXContainerItemProxy;
			containerPortal = B5833CC31AC30329007F7F87 /* Project object */;
			proxyType = 1;
			remoteGlobalIDString = B5833CCA1AC30329007F7F87;
			remoteInfo = transform;
		};
/* End PBXContainerItemProxy section */

/* Begin PBXFileReference section */
		B5833CCB1AC30329007F7F87 /* transform.app */ = {isa = PBXFileReference; explicitFileType = wrapper.application; includeInIndex = 0; path = transform.app; sourceTree = BUILT_PRODUCTS_DIR; };
		B5833CCF1AC30329007F7F87 /* Info.plist */ = {isa = PBXFileReference; lastKnownFileType = text.plist.xml; path = Info.plist; sourceTree = "<group>"; };
		B5833CD01AC30329007F7F87 /* main.m */ = {isa = PBXFileReference; lastKnownFileType = sourcecode.c.objc; path = main.m; sourceTree = "<group>"; };
		B5833CD21AC30329007F7F87 /* AppDelegate.h */ = {isa = PBXFileReference; lastKnownFileType = sourcecode.c.h; path = AppDelegate.h; sourceTree = "<group>"; };
		B5833CD31AC30329007F7F87 /* AppDelegate.m */ = {isa = PBXFileReference; lastKnownFileType = sourcecode.c.objc; path = AppDelegate.m; sourceTree = "<group>"; };
		B5833CD51AC30329007F7F87 /* ViewController.h */ = {isa = PBXFileReference; lastKnownFileType = sourcecode.c.h; path = ViewController.h; sourceTree = "<group>"; };
		B5833CD61AC30329007F7F87 /* ViewController.m */ = {isa = PBXFileReference; lastKnownFileType = sourcecode.c.objc; path = ViewController.m; sourceTree = "<group>"; };
		B5833CD91AC30329007F7F87 /* Base */ = {isa = PBXFileReference; lastKnownFileType = file.storyboard; name = Base; path = Base.lproj/Main.storyboard; sourceTree = "<group>"; };
		B5833CDB1AC30329007F7F87 /* Images.xcassets */ = {isa = PBXFileReference; lastKnownFileType = folder.assetcatalog; path = Images.xcassets; sourceTree = "<group>"; };
		B5833CDE1AC30329007F7F87 /* Base */ = {isa = PBXFileReference; lastKnownFileType = file.xib; name = Base; path = Base.lproj/LaunchScreen.xib; sourceTree = "<group>"; };
		B5833CE41AC30329007F7F87 /* transformTests.xctest */ = {isa = PBXFileReference; explicitFileType = wrapper.cfbundle; includeInIndex = 0; path = transformTests.xctest; sourceTree = BUILT_PRODUCTS_DIR; };
		B5833CE91AC30329007F7F87 /* Info.plist */ = {isa = PBXFileReference; lastKnownFileType = text.plist.xml; path = Info.plist; sourceTree = "<group>"; };
		B5833CEA1AC30329007F7F87 /* transformTests.m */ = {isa = PBXFileReference; lastKnownFileType = sourcecode.c.objc; path = transformTests.m; sourceTree = "<group>"; };
/* End PBXFileReference section */

/* Begin PBXFrameworksBuildPhase section */
		B5833CC81AC30329007F7F87 /* Frameworks */ = {
			isa = PBXFrameworksBuildPhase;
			buildActionMask = 2147483647;
			files = (
			);
			runOnlyForDeploymentPostprocessing = 0;
		};
		B5833CE11AC30329007F7F87 /* Frameworks */ = {
			isa = PBXFrameworksBuildPhase;
			buildActionMask = 2147483647;
			files = (
			);
			runOnlyForDeploymentPostprocessing = 0;
		};
/* End PBXFrameworksBuildPhase section */

/* Begin PBXGroup section */
		B5833CC21AC30329007F7F87 = {
			isa = PBXGroup;
			children = (
				B5833CCD1AC30329007F7F87 /* transform */,
				B5833CE71AC30329007F7F87 /* transformTests */,
				B5833CCC1AC30329007F7F87 /* Products */,
			);
			sourceTree = "<group>";
		};
		B5833CCC1AC30329007F7F87 /* Products */ = {
			isa = PBXGroup;
			children = (
				B5833CCB1AC30329007F7F87 /* transform.app */,
				B5833CE41AC30329007F7F87 /* transformTests.xctest */,
			);
			name = Products;
			sourceTree = "<group>";
		};
		B5833CCD1AC30329007F7F87 /* transform */ = {
			isa = PBXGroup;
			children = (
				B5833CD21AC30329007F7F87 /* AppDelegate.h */,
				B5833CD31AC30329007F7F87 /* AppDelegate.m */,
				B5833CD51AC30329007F7F87 /* ViewController.h */,
				B5833CD61AC30329007F7F87 /* ViewController.m */,
				B5833CD81AC30329007F7F87 /* Main.storyboard */,
				B5833CDB1AC30329007F7F87 /* Images.xcassets */,
				B5833CDD1AC30329007F7F87 /* LaunchScreen.xib */,
				B5833CCE1AC30329007F7F87 /* Supporting Files */,
			);
			path = transform;
			sourceTree = "<group>";
		};
		B5833CCE1AC30329007F7F87 /* Supporting Files */ = {
			isa = PBXGroup;
			children = (
				B5833CCF1AC30329007F7F87 /* Info.plist */,
				B5833CD01AC30329007F7F87 /* main.m */,
			);
			name = "Supporting Files";
			sourceTree = "<group>";
		};
		B5833CE71AC30329007F7F87 /* transformTests */ = {
			isa = PBXGroup;
			children = (
				B5833CEA1AC30329007F7F87 /* transformTests.m */,
				B5833CE81AC30329007F7F87 /* Supporting Files */,
			);
			path = transformTests;
			sourceTree = "<group>";
		};
		B5833CE81AC30329007F7F87 /* Supporting Files */ = {
			isa = PBXGroup;
			children = (
				B5833CE91AC30329007F7F87 /* Info.plist */,
			);
			name = "Supporting Files";
			sourceTree = "<group>";
		};
/* End PBXGroup section */

/* Begin PBXNativeTarget section */
		B5833CCA1AC30329007F7F87 /* transform */ = {
			isa = PBXNativeTarget;
			buildConfigurationList = B5833CEE1AC30329007F7F87 /* Build configuration list for PBXNativeTarget "transform" */;
			buildPhases = (
				B5833CC71AC30329007F7F87 /* Sources */,
				B5833CC81AC30329007F7F87 /* Frameworks */,
				B5833CC91AC30329007F7F87 /* Resources */,
			);
			buildRules = (
			);
			dependencies = (
			);
			name = transform;
			productName = transform;
			productReference = B5833CCB1AC30329007F7F87 /* transform.app */;
			productType = "com.apple.product-type.application";
		};
		B5833CE31AC30329007F7F87 /* transformTests */ = {
			isa = PBXNativeTarget;
			buildConfigurationList = B5833CF11AC30329007F7F87 /* Build configuration list for PBXNativeTarget "transformTests" */;
			buildPhases = (
				B5833CE01AC30329007F7F87 /* Sources */,
				B5833CE11AC30329007F7F87 /* Frameworks */,
				B5833CE21AC30329007F7F87 /* Resources */,
			);
			buildRules = (
			);
			dependencies = (
				B5833CE61AC30329007F7F87 /* PBXTargetDependency */,
			);
			name = transformTests;
			productName = transformTests;
			productReference = B5833CE41AC30329007F7F87 /* transformTests.xctest */;
			productType = "com.apple.product-type.bundle.unit-test";
		};
/* End PBXNativeTarget section */

/* Begin PBXProject section */
		B5833CC31AC30329007F7F87 /* Project object */ = {
			isa = PBXProject;
			attributes = {
				LastUpgradeCheck = 0610;
				ORGANIZATIONNAME = CPTTM;
				TargetAttributes = {
					B5833CCA1AC30329007F7F87 = {
						CreatedOnToolsVersion = 6.1.1;
					};
					B5833CE31AC30329007F7F87 = {
						CreatedOnToolsVersion = 6.1.1;
						TestTargetID = B5833CCA1AC30329007F7F87;
					};
				};
			};
			buildConfigurationList = B5833CC61AC30329007F7F87 /* Build configuration list for PBXProject "transform" */;
			compatibilityVersion = "Xcode 3.2";
			developmentRegion = English;
			hasScannedForEncodings = 0;
			knownRegions = (
				en,
				Base,
			);
			mainGroup = B5833CC21AC30329007F7F87;
			productRefGroup = B5833CCC1AC30329007F7F87 /* Products */;
			projectDirPath = "";
			projectRoot = "";
			targets = (
				B5833CCA1AC30329007F7F87 /* transform */,
				B5833CE31AC30329007F7F87 /* transformTests */,
			);
		};
/* End PBXProject section */

/* Begin PBXResourcesBuildPhase section */
		B5833CC91AC30329007F7F87 /* Resources */ = {
			isa = PBXResourcesBuildPhase;
			buildActionMask = 2147483647;
			files = (
				B5833CDA1AC30329007F7F87 /* Main.storyboard in Resources */,
				B5833CDF1AC30329007F7F87 /* LaunchScreen.xib in Resources */,
				B5833CDC1AC30329007F7F87 /* Images.xcassets in Resources */,
			);
			runOnlyForDeploymentPostprocessing = 0;
		};
		B5833CE21AC30329007F7F87 /* Resources */ = {
			isa = PBXResourcesBuildPhase;
			buildActionMask = 2147483647;
			files = (
			);
			runOnlyForDeploymentPostprocessing = 0;
		};
/* End PBXResourcesBuildPhase section */

/* Begin PBXSourcesBuildPhase section */
		B5833CC71AC30329007F7F87 /* Sources */ = {
			isa = PBXSourcesBuildPhase;
			buildActionMask = 2147483647;
			files = (
				B5833CD71AC30329007F7F87 /* ViewController.m in Sources */,
				B5833CD41AC30329007F7F87 /* AppDelegate.m in Sources */,
				B5833CD11AC30329007F7F87 /* main.m in Sources */,
			);
			runOnlyForDeploymentPostprocessing = 0;
		};
		B5833CE01AC30329007F7F87 /* Sources */ = {
			isa = PBXSourcesBuildPhase;
			buildActionMask = 2147483647;
			files = (
				B5833CEB1AC30329007F7F87 /* transformTests.m in Sources */,
			);
			runOnlyForDeploymentPostprocessing = 0;
		};
/* End PBXSourcesBuildPhase section */

/* Begin PBXTargetDependency section */
		B5833CE61AC30329007F7F87 /* PBXTargetDependency */ = {
			isa = PBXTargetDependency;
			target = B5833CCA1AC30329007F7F87 /* transform */;
			targetProxy = B5833CE51AC30329007F7F87 /* PBXContainerItemProxy */;
		};
/* End PBXTargetDependency section */

/* Begin PBXVariantGroup section */
		B5833CD81AC30329007F7F87 /* Main.storyboard */ = {
			isa = PBXVariantGroup;
			children = (
				B5833CD91AC30329007F7F87 /* Base */,
			);
			name = Main.storyboard;
			sourceTree = "<group>";
		};
		B5833CDD1AC30329007F7F87 /* LaunchScreen.xib */ = {
			isa = PBXVariantGroup;
			children = (
				B5833CDE1AC30329007F7F87 /* Base */,
			);
			name = LaunchScreen.xib;
			sourceTree = "<group>";
		};
/* End PBXVariantGroup section */

/* Begin XCBuildConfiguration section */
		B5833CEC1AC30329007F7F87 /* Debug */ = {
			isa = XCBuildConfiguration;
			buildSettings = {
				ALWAYS_SEARCH_USER_PATHS = NO;
				CLANG_CXX_LANGUAGE_STANDARD = "gnu++0x";
				CLANG_CXX_LIBRARY = "libc++";
				CLANG_ENABLE_MODULES = YES;
				CLANG_ENABLE_OBJC_ARC = YES;
				CLANG_WARN_BOOL_CONVERSION = YES;
				CLANG_WARN_CONSTANT_CONVERSION = YES;
				CLANG_WARN_DIRECT_OBJC_ISA_USAGE = YES_ERROR;
				CLANG_WARN_EMPTY_BODY = YES;
				CLANG_WARN_ENUM_CONVERSION = YES;
				CLANG_WARN_INT_CONVERSION = YES;
				CLANG_WARN_OBJC_ROOT_CLASS = YES_ERROR;
				CLANG_WARN_UNREACHABLE_CODE = YES;
				CLANG_WARN__DUPLICATE_METHOD_MATCH = YES;
				"CODE_SIGN_IDENTITY[sdk=iphoneos*]" = "iPhone Developer";
				COPY_PHASE_STRIP = NO;
				ENABLE_STRICT_OBJC_MSGSEND = YES;
				GCC_C_LANGUAGE_STANDARD = gnu99;
				GCC_DYNAMIC_NO_PIC = NO;
				GCC_OPTIMIZATION_LEVEL = 0;
				GCC_PREPROCESSOR_DEFINITIONS = (
					"DEBUG=1",
					"$(inherited)",
				);
				GCC_SYMBOLS_PRIVATE_EXTERN = NO;
				GCC_WARN_64_TO_32_BIT_CONVERSION = YES;
				GCC_WARN_ABOUT_RETURN_TYPE = YES_ERROR;
				GCC_WARN_UNDECLARED_SELECTOR = YES;
				GCC_WARN_UNINITIALIZED_AUTOS = YES_AGGRESSIVE;
				GCC_WARN_UNUSED_FUNCTION = YES;
				GCC_WARN_UNUSED_VARIABLE = YES;
				IPHONEOS_DEPLOYMENT_TARGET = 8.1;
				MTL_ENABLE_DEBUG_INFO = YES;
				ONLY_ACTIVE_ARCH = YES;
				SDKROOT = iphoneos;
			};
			name = Debug;
		};
		B5833CED1AC30329007F7F87 /* Release */ = {
			isa = XCBuildConfiguration;
			buildSettings = {
				ALWAYS_SEARCH_USER_PATHS = NO;
				CLANG_CXX_LANGUAGE_STANDARD = "gnu++0x";
				CLANG_CXX_LIBRARY = "libc++";
				CLANG_ENABLE_MODULES = YES;
				CLANG_ENABLE_OBJC_ARC = YES;
				CLANG_WARN_BOOL_CONVERSION = YES;
				CLANG_WARN_CONSTANT_CONVERSION = YES;
				CLANG_WARN_DIRECT_OBJC_ISA_USAGE = YES_ERROR;
				CLANG_WARN_EMPTY_BODY = YES;
				CLANG_WARN_ENUM_CONVERSION = YES;
				CLANG_WARN_INT_CONVERSION = YES;
				CLANG_WARN_OBJC_ROOT_CLASS = YES_ERROR;
				CLANG_WARN_UNREACHABLE_CODE = YES;
				CLANG_WARN__DUPLICATE_METHOD_MATCH = YES;
				"CODE_SIGN_IDENTITY[sdk=iphoneos*]" = "iPhone Developer";
				COPY_PHASE_STRIP = YES;
				ENABLE_NS_ASSERTIONS = NO;
				ENABLE_STRICT_OBJC_MSGSEND = YES;
				GCC_C_LANGUAGE_STANDARD = gnu99;
				GCC_WARN_64_TO_32_BIT_CONVERSION = YES;
				GCC_WARN_ABOUT_RETURN_TYPE = YES_ERROR;
				GCC_WARN_UNDECLARED_SELECTOR = YES;
				GCC_WARN_UNINITIALIZED_AUTOS = YES_AGGRESSIVE;
				GCC_WARN_UNUSED_FUNCTION = YES;
				GCC_WARN_UNUSED_VARIABLE = YES;
				IPHONEOS_DEPLOYMENT_TARGET = 8.1;
				MTL_ENABLE_DEBUG_INFO = NO;
				SDKROOT = iphoneos;
				VALIDATE_PRODUCT = YES;
			};
			name = Release;
		};
		B5833CEF1AC30329007F7F87 /* Debug */ = {
			isa = XCBuildConfiguration;
			buildSettings = {
				ASSETCATALOG_COMPILER_APPICON_NAME = AppIcon;
				INFOPLIST_FILE = transform/Info.plist;
				LD_RUNPATH_SEARCH_PATHS = "$(inherited) @executable_path/Frameworks";
				PRODUCT_NAME = "$(TARGET_NAME)";
			};
			name = Debug;
		};
		B5833CF01AC30329007F7F87 /* Release */ = {
			isa = XCBuildConfiguration;
			buildSettings = {
				ASSETCATALOG_COMPILER_APPICON_NAME = AppIcon;
				INFOPLIST_FILE = transform/Info.plist;
				LD_RUNPATH_SEARCH_PATHS = "$(inherited) @executable_path/Frameworks";
				PRODUCT_NAME = "$(TARGET_NAME)";
			};
			name = Release;
		};
		B5833CF21AC30329007F7F87 /* Debug */ = {
			isa = XCBuildConfiguration;
			buildSettings = {
				BUNDLE_LOADER = "$(TEST_HOST)";
				FRAMEWORK_SEARCH_PATHS = (
					"$(SDKROOT)/Developer/Library/Frameworks",
					"$(inherited)",
				);
				GCC_PREPROCESSOR_DEFINITIONS = (
					"DEBUG=1",
					"$(inherited)",
				);
				INFOPLIST_FILE = transformTests/Info.plist;
				LD_RUNPATH_SEARCH_PATHS = "$(inherited) @executable_path/Frameworks @loader_path/Frameworks";
				PRODUCT_NAME = "$(TARGET_NAME)";
				TEST_HOST = "$(BUILT_PRODUCTS_DIR)/transform.app/transform";
			};
			name = Debug;
		};
		B5833CF31AC30329007F7F87 /* Release */ = {
			isa = XCBuildConfiguration;
			buildSettings = {
				BUNDLE_LOADER = "$(TEST_HOST)";
				FRAMEWORK_SEARCH_PATHS = (
					"$(SDKROOT)/Developer/Library/Frameworks",
					"$(inherited)",
				);
				INFOPLIST_FILE = transformTests/Info.plist;
				LD_RUNPATH_SEARCH_PATHS = "$(inherited) @executable_path/Frameworks @loader_path/Frameworks";
				PRODUCT_NAME = "$(TARGET_NAME)";
				TEST_HOST = "$(BUILT_PRODUCTS_DIR)/transform.app/transform";
			};
			name = Release;
		};
/* End XCBuildConfiguration section */

/* Begin XCConfigurationList section */
		B5833CC61AC30329007F7F87 /* Build configuration list for PBXProject "transform" */ = {
			isa = XCConfigurationList;
			buildConfigurations = (
				B5833CEC1AC30329007F7F87 /* Debug */,
				B5833CED1AC30329007F7F87 /* Release */,
			);
			defaultConfigurationIsVisible = 0;
			defaultConfigurationName = Release;
		};
		B5833CEE1AC30329007F7F87 /* Build configuration list for PBXNativeTarget "transform" */ = {
			isa = XCConfigurationList;
			buildConfigurations = (
				B5833CEF1AC30329007F7F87 /* Debug */,
				B5833CF01AC30329007F7F87 /* Release */,
			);
			defaultConfigurationIsVisible = 0;
		};
		B5833CF11AC30329007F7F87 /* Build configuration list for PBXNativeTarget "transformTests" */ = {
			isa = XCConfigurationList;
			buildConfigurations = (
				B5833CF21AC30329007F7F87 /* Debug */,
				B5833CF31AC30329007F7F87 /* Release */,
			);
			defaultConfigurationIsVisible = 0;
		};
/* End XCConfigurationList section */
	};
	rootObject = B5833CC31AC30329007F7F87 /* Project object */;
}
