// !$*UTF8*$!
{
	archiveVersion = 1;
	classes = {
	};
	objectVersion = 46;
	objects = {

/* Begin PBXBuildFile section */
		B574586D18F6565F00C2EBC8 /* Foundation.framework in Frameworks */ = {isa = PBXBuildFile; fileRef = B574586C18F6565F00C2EBC8 /* Foundation.framework */; };
		B574586F18F6565F00C2EBC8 /* CoreGraphics.framework in Frameworks */ = {isa = PBXBuildFile; fileRef = B574586E18F6565F00C2EBC8 /* CoreGraphics.framework */; };
		B574587118F6565F00C2EBC8 /* UIKit.framework in Frameworks */ = {isa = PBXBuildFile; fileRef = B574587018F6565F00C2EBC8 /* UIKit.framework */; };
		B574587718F6566000C2EBC8 /* InfoPlist.strings in Resources */ = {isa = PBXBuildFile; fileRef = B574587518F6566000C2EBC8 /* InfoPlist.strings */; };
		B574587918F6566000C2EBC8 /* main.m in Sources */ = {isa = PBXBuildFile; fileRef = B574587818F6566000C2EBC8 /* main.m */; };
		B574587D18F6566000C2EBC8 /* AppDelegate.m in Sources */ = {isa = PBXBuildFile; fileRef = B574587C18F6566000C2EBC8 /* AppDelegate.m */; };
		B574588018F6566000C2EBC8 /* Main.storyboard in Resources */ = {isa = PBXBuildFile; fileRef = B574587E18F6566000C2EBC8 /* Main.storyboard */; };
		B574588318F6566000C2EBC8 /* ViewController.m in Sources */ = {isa = PBXBuildFile; fileRef = B574588218F6566000C2EBC8 /* ViewController.m */; };
		B574588518F6566000C2EBC8 /* Images.xcassets in Resources */ = {isa = PBXBuildFile; fileRef = B574588418F6566000C2EBC8 /* Images.xcassets */; };
		B574588C18F6566000C2EBC8 /* XCTest.framework in Frameworks */ = {isa = PBXBuildFile; fileRef = B574588B18F6566000C2EBC8 /* XCTest.framework */; };
		B574588D18F6566000C2EBC8 /* Foundation.framework in Frameworks */ = {isa = PBXBuildFile; fileRef = B574586C18F6565F00C2EBC8 /* Foundation.framework */; };
		B574588E18F6566000C2EBC8 /* UIKit.framework in Frameworks */ = {isa = PBXBuildFile; fileRef = B574587018F6565F00C2EBC8 /* UIKit.framework */; };
		B574589618F6566000C2EBC8 /* InfoPlist.strings in Resources */ = {isa = PBXBuildFile; fileRef = B574589418F6566000C2EBC8 /* InfoPlist.strings */; };
		B574589818F6566000C2EBC8 /* convertorTests.m in Sources */ = {isa = PBXBuildFile; fileRef = B574589718F6566000C2EBC8 /* convertorTests.m */; };
/* End PBXBuildFile section */

/* Begin PBXContainerItemProxy section */
		B574588F18F6566000C2EBC8 /* PBXContainerItemProxy */ = {
			isa = PBXContainerItemProxy;
			containerPortal = B574586118F6565F00C2EBC8 /* Project object */;
			proxyType = 1;
			remoteGlobalIDString = B574586818F6565F00C2EBC8;
			remoteInfo = convertor;
		};
/* End PBXContainerItemProxy section */

/* Begin PBXFileReference section */
		B574586918F6565F00C2EBC8 /* convertor.app */ = {isa = PBXFileReference; explicitFileType = wrapper.application; includeInIndex = 0; path = convertor.app; sourceTree = BUILT_PRODUCTS_DIR; };
		B574586C18F6565F00C2EBC8 /* Foundation.framework */ = {isa = PBXFileReference; lastKnownFileType = wrapper.framework; name = Foundation.framework; path = System/Library/Frameworks/Foundation.framework; sourceTree = SDKROOT; };
		B574586E18F6565F00C2EBC8 /* CoreGraphics.framework */ = {isa = PBXFileReference; lastKnownFileType = wrapper.framework; name = CoreGraphics.framework; path = System/Library/Frameworks/CoreGraphics.framework; sourceTree = SDKROOT; };
		B574587018F6565F00C2EBC8 /* UIKit.framework */ = {isa = PBXFileReference; lastKnownFileType = wrapper.framework; name = UIKit.framework; path = System/Library/Frameworks/UIKit.framework; sourceTree = SDKROOT; };
		B574587418F6565F00C2EBC8 /* convertor-Info.plist */ = {isa = PBXFileReference; lastKnownFileType = text.plist.xml; path = "convertor-Info.plist"; sourceTree = "<group>"; };
		B574587618F6566000C2EBC8 /* en */ = {isa = PBXFileReference; lastKnownFileType = text.plist.strings; name = en; path = en.lproj/InfoPlist.strings; sourceTree = "<group>"; };
		B574587818F6566000C2EBC8 /* main.m */ = {isa = PBXFileReference; lastKnownFileType = sourcecode.c.objc; path = main.m; sourceTree = "<group>"; };
		B574587A18F6566000C2EBC8 /* convertor-Prefix.pch */ = {isa = PBXFileReference; lastKnownFileType = sourcecode.c.h; path = "convertor-Prefix.pch"; sourceTree = "<group>"; };
		B574587B18F6566000C2EBC8 /* AppDelegate.h */ = {isa = PBXFileReference; lastKnownFileType = sourcecode.c.h; path = AppDelegate.h; sourceTree = "<group>"; };
		B574587C18F6566000C2EBC8 /* AppDelegate.m */ = {isa = PBXFileReference; lastKnownFileType = sourcecode.c.objc; path = AppDelegate.m; sourceTree = "<group>"; };
		B574587F18F6566000C2EBC8 /* Base */ = {isa = PBXFileReference; lastKnownFileType = file.storyboard; name = Base; path = Base.lproj/Main.storyboard; sourceTree = "<group>"; };
		B574588118F6566000C2EBC8 /* ViewController.h */ = {isa = PBXFileReference; lastKnownFileType = sourcecode.c.h; path = ViewController.h; sourceTree = "<group>"; };
		B574588218F6566000C2EBC8 /* ViewController.m */ = {isa = PBXFileReference; lastKnownFileType = sourcecode.c.objc; path = ViewController.m; sourceTree = "<group>"; };
		B574588418F6566000C2EBC8 /* Images.xcassets */ = {isa = PBXFileReference; lastKnownFileType = folder.assetcatalog; path = Images.xcassets; sourceTree = "<group>"; };
		B574588A18F6566000C2EBC8 /* convertorTests.xctest */ = {isa = PBXFileReference; explicitFileType = wrapper.cfbundle; includeInIndex = 0; path = convertorTests.xctest; sourceTree = BUILT_PRODUCTS_DIR; };
		B574588B18F6566000C2EBC8 /* XCTest.framework */ = {isa = PBXFileReference; lastKnownFileType = wrapper.framework; name = XCTest.framework; path = Library/Frameworks/XCTest.framework; sourceTree = DEVELOPER_DIR; };
		B574589318F6566000C2EBC8 /* convertorTests-Info.plist */ = {isa = PBXFileReference; lastKnownFileType = text.plist.xml; path = "convertorTests-Info.plist"; sourceTree = "<group>"; };
		B574589518F6566000C2EBC8 /* en */ = {isa = PBXFileReference; lastKnownFileType = text.plist.strings; name = en; path = en.lproj/InfoPlist.strings; sourceTree = "<group>"; };
		B574589718F6566000C2EBC8 /* convertorTests.m */ = {isa = PBXFileReference; lastKnownFileType = sourcecode.c.objc; path = convertorTests.m; sourceTree = "<group>"; };
/* End PBXFileReference section */

/* Begin PBXFrameworksBuildPhase section */
		B574586618F6565F00C2EBC8 /* Frameworks */ = {
			isa = PBXFrameworksBuildPhase;
			buildActionMask = 2147483647;
			files = (
				B574586F18F6565F00C2EBC8 /* CoreGraphics.framework in Frameworks */,
				B574587118F6565F00C2EBC8 /* UIKit.framework in Frameworks */,
				B574586D18F6565F00C2EBC8 /* Foundation.framework in Frameworks */,
			);
			runOnlyForDeploymentPostprocessing = 0;
		};
		B574588718F6566000C2EBC8 /* Frameworks */ = {
			isa = PBXFrameworksBuildPhase;
			buildActionMask = 2147483647;
			files = (
				B574588C18F6566000C2EBC8 /* XCTest.framework in Frameworks */,
				B574588E18F6566000C2EBC8 /* UIKit.framework in Frameworks */,
				B574588D18F6566000C2EBC8 /* Foundation.framework in Frameworks */,
			);
			runOnlyForDeploymentPostprocessing = 0;
		};
/* End PBXFrameworksBuildPhase section */

/* Begin PBXGroup section */
		B574586018F6565F00C2EBC8 = {
			isa = PBXGroup;
			children = (
				B574587218F6565F00C2EBC8 /* convertor */,
				B574589118F6566000C2EBC8 /* convertorTests */,
				B574586B18F6565F00C2EBC8 /* Frameworks */,
				B574586A18F6565F00C2EBC8 /* Products */,
			);
			sourceTree = "<group>";
		};
		B574586A18F6565F00C2EBC8 /* Products */ = {
			isa = PBXGroup;
			children = (
				B574586918F6565F00C2EBC8 /* convertor.app */,
				B574588A18F6566000C2EBC8 /* convertorTests.xctest */,
			);
			name = Products;
			sourceTree = "<group>";
		};
		B574586B18F6565F00C2EBC8 /* Frameworks */ = {
			isa = PBXGroup;
			children = (
				B574586C18F6565F00C2EBC8 /* Foundation.framework */,
				B574586E18F6565F00C2EBC8 /* CoreGraphics.framework */,
				B574587018F6565F00C2EBC8 /* UIKit.framework */,
				B574588B18F6566000C2EBC8 /* XCTest.framework */,
			);
			name = Frameworks;
			sourceTree = "<group>";
		};
		B574587218F6565F00C2EBC8 /* convertor */ = {
			isa = PBXGroup;
			children = (
				B574587B18F6566000C2EBC8 /* AppDelegate.h */,
				B574587C18F6566000C2EBC8 /* AppDelegate.m */,
				B574587E18F6566000C2EBC8 /* Main.storyboard */,
				B574588118F6566000C2EBC8 /* ViewController.h */,
				B574588218F6566000C2EBC8 /* ViewController.m */,
				B574588418F6566000C2EBC8 /* Images.xcassets */,
				B574587318F6565F00C2EBC8 /* Supporting Files */,
			);
			path = convertor;
			sourceTree = "<group>";
		};
		B574587318F6565F00C2EBC8 /* Supporting Files */ = {
			isa = PBXGroup;
			children = (
				B574587418F6565F00C2EBC8 /* convertor-Info.plist */,
				B574587518F6566000C2EBC8 /* InfoPlist.strings */,
				B574587818F6566000C2EBC8 /* main.m */,
				B574587A18F6566000C2EBC8 /* convertor-Prefix.pch */,
			);
			name = "Supporting Files";
			sourceTree = "<group>";
		};
		B574589118F6566000C2EBC8 /* convertorTests */ = {
			isa = PBXGroup;
			children = (
				B574589718F6566000C2EBC8 /* convertorTests.m */,
				B574589218F6566000C2EBC8 /* Supporting Files */,
			);
			path = convertorTests;
			sourceTree = "<group>";
		};
		B574589218F6566000C2EBC8 /* Supporting Files */ = {
			isa = PBXGroup;
			children = (
				B574589318F6566000C2EBC8 /* convertorTests-Info.plist */,
				B574589418F6566000C2EBC8 /* InfoPlist.strings */,
			);
			name = "Supporting Files";
			sourceTree = "<group>";
		};
/* End PBXGroup section */

/* Begin PBXNativeTarget section */
		B574586818F6565F00C2EBC8 /* convertor */ = {
			isa = PBXNativeTarget;
			buildConfigurationList = B574589B18F6566000C2EBC8 /* Build configuration list for PBXNativeTarget "convertor" */;
			buildPhases = (
				B574586518F6565F00C2EBC8 /* Sources */,
				B574586618F6565F00C2EBC8 /* Frameworks */,
				B574586718F6565F00C2EBC8 /* Resources */,
			);
			buildRules = (
			);
			dependencies = (
			);
			name = convertor;
			productName = convertor;
			productReference = B574586918F6565F00C2EBC8 /* convertor.app */;
			productType = "com.apple.product-type.application";
		};
		B574588918F6566000C2EBC8 /* convertorTests */ = {
			isa = PBXNativeTarget;
			buildConfigurationList = B574589E18F6566000C2EBC8 /* Build configuration list for PBXNativeTarget "convertorTests" */;
			buildPhases = (
				B574588618F6566000C2EBC8 /* Sources */,
				B574588718F6566000C2EBC8 /* Frameworks */,
				B574588818F6566000C2EBC8 /* Resources */,
			);
			buildRules = (
			);
			dependencies = (
				B574589018F6566000C2EBC8 /* PBXTargetDependency */,
			);
			name = convertorTests;
			productName = convertorTests;
			productReference = B574588A18F6566000C2EBC8 /* convertorTests.xctest */;
			productType = "com.apple.product-type.bundle.unit-test";
		};
/* End PBXNativeTarget section */

/* Begin PBXProject section */
		B574586118F6565F00C2EBC8 /* Project object */ = {
			isa = PBXProject;
			attributes = {
				LastUpgradeCheck = 0510;
				ORGANIZATIONNAME = bryant;
				TargetAttributes = {
					B574588918F6566000C2EBC8 = {
						TestTargetID = B574586818F6565F00C2EBC8;
					};
				};
			};
			buildConfigurationList = B574586418F6565F00C2EBC8 /* Build configuration list for PBXProject "convertor" */;
			compatibilityVersion = "Xcode 3.2";
			developmentRegion = English;
			hasScannedForEncodings = 0;
			knownRegions = (
				en,
				Base,
			);
			mainGroup = B574586018F6565F00C2EBC8;
			productRefGroup = B574586A18F6565F00C2EBC8 /* Products */;
			projectDirPath = "";
			projectRoot = "";
			targets = (
				B574586818F6565F00C2EBC8 /* convertor */,
				B574588918F6566000C2EBC8 /* convertorTests */,
			);
		};
/* End PBXProject section */

/* Begin PBXResourcesBuildPhase section */
		B574586718F6565F00C2EBC8 /* Resources */ = {
			isa = PBXResourcesBuildPhase;
			buildActionMask = 2147483647;
			files = (
				B574588518F6566000C2EBC8 /* Images.xcassets in Resources */,
				B574587718F6566000C2EBC8 /* InfoPlist.strings in Resources */,
				B574588018F6566000C2EBC8 /* Main.storyboard in Resources */,
			);
			runOnlyForDeploymentPostprocessing = 0;
		};
		B574588818F6566000C2EBC8 /* Resources */ = {
			isa = PBXResourcesBuildPhase;
			buildActionMask = 2147483647;
			files = (
				B574589618F6566000C2EBC8 /* InfoPlist.strings in Resources */,
			);
			runOnlyForDeploymentPostprocessing = 0;
		};
/* End PBXResourcesBuildPhase section */

/* Begin PBXSourcesBuildPhase section */
		B574586518F6565F00C2EBC8 /* Sources */ = {
			isa = PBXSourcesBuildPhase;
			buildActionMask = 2147483647;
			files = (
				B574588318F6566000C2EBC8 /* ViewController.m in Sources */,
				B574587D18F6566000C2EBC8 /* AppDelegate.m in Sources */,
				B574587918F6566000C2EBC8 /* main.m in Sources */,
			);
			runOnlyForDeploymentPostprocessing = 0;
		};
		B574588618F6566000C2EBC8 /* Sources */ = {
			isa = PBXSourcesBuildPhase;
			buildActionMask = 2147483647;
			files = (
				B574589818F6566000C2EBC8 /* convertorTests.m in Sources */,
			);
			runOnlyForDeploymentPostprocessing = 0;
		};
/* End PBXSourcesBuildPhase section */

/* Begin PBXTargetDependency section */
		B574589018F6566000C2EBC8 /* PBXTargetDependency */ = {
			isa = PBXTargetDependency;
			target = B574586818F6565F00C2EBC8 /* convertor */;
			targetProxy = B574588F18F6566000C2EBC8 /* PBXContainerItemProxy */;
		};
/* End PBXTargetDependency section */

/* Begin PBXVariantGroup section */
		B574587518F6566000C2EBC8 /* InfoPlist.strings */ = {
			isa = PBXVariantGroup;
			children = (
				B574587618F6566000C2EBC8 /* en */,
			);
			name = InfoPlist.strings;
			sourceTree = "<group>";
		};
		B574587E18F6566000C2EBC8 /* Main.storyboard */ = {
			isa = PBXVariantGroup;
			children = (
				B574587F18F6566000C2EBC8 /* Base */,
			);
			name = Main.storyboard;
			sourceTree = "<group>";
		};
		B574589418F6566000C2EBC8 /* InfoPlist.strings */ = {
			isa = PBXVariantGroup;
			children = (
				B574589518F6566000C2EBC8 /* en */,
			);
			name = InfoPlist.strings;
			sourceTree = "<group>";
		};
/* End PBXVariantGroup section */

/* Begin XCBuildConfiguration section */
		B574589918F6566000C2EBC8 /* Debug */ = {
			isa = XCBuildConfiguration;
			buildSettings = {
				ALWAYS_SEARCH_USER_PATHS = NO;
				CLANG_CXX_LANGUAGE_STANDARD = "gnu++0x";
				CLANG_CXX_LIBRARY = "libc++";
				CLANG_ENABLE_MODULES = YES;
				CLANG_ENABLE_OBJC_ARC = YES;
				CLANG_WARN_BOOL_CONVERSION = YES;
				CLANG_WARN_CONSTANT_CONVERSION = YES;
				CLANG_WARN_DIRECT_OBJC_ISA_USAGE = YES_ERROR;
				CLANG_WARN_EMPTY_BODY = YES;
				CLANG_WARN_ENUM_CONVERSION = YES;
				CLANG_WARN_INT_CONVERSION = YES;
				CLANG_WARN_OBJC_ROOT_CLASS = YES_ERROR;
				CLANG_WARN__DUPLICATE_METHOD_MATCH = YES;
				"CODE_SIGN_IDENTITY[sdk=iphoneos*]" = "iPhone Developer";
				COPY_PHASE_STRIP = NO;
				GCC_C_LANGUAGE_STANDARD = gnu99;
				GCC_DYNAMIC_NO_PIC = NO;
				GCC_OPTIMIZATION_LEVEL = 0;
				GCC_PREPROCESSOR_DEFINITIONS = (
					"DEBUG=1",
					"$(inherited)",
				);
				GCC_SYMBOLS_PRIVATE_EXTERN = NO;
				GCC_WARN_64_TO_32_BIT_CONVERSION = YES;
				GCC_WARN_ABOUT_RETURN_TYPE = YES_ERROR;
				GCC_WARN_UNDECLARED_SELECTOR = YES;
				GCC_WARN_UNINITIALIZED_AUTOS = YES_AGGRESSIVE;
				GCC_WARN_UNUSED_FUNCTION = YES;
				GCC_WARN_UNUSED_VARIABLE = YES;
				IPHONEOS_DEPLOYMENT_TARGET = 7.1;
				ONLY_ACTIVE_ARCH = YES;
				SDKROOT = iphoneos;
			};
			name = Debug;
		};
		B574589A18F6566000C2EBC8 /* Release */ = {
			isa = XCBuildConfiguration;
			buildSettings = {
				ALWAYS_SEARCH_USER_PATHS = NO;
				CLANG_CXX_LANGUAGE_STANDARD = "gnu++0x";
				CLANG_CXX_LIBRARY = "libc++";
				CLANG_ENABLE_MODULES = YES;
				CLANG_ENABLE_OBJC_ARC = YES;
				CLANG_WARN_BOOL_CONVERSION = YES;
				CLANG_WARN_CONSTANT_CONVERSION = YES;
				CLANG_WARN_DIRECT_OBJC_ISA_USAGE = YES_ERROR;
				CLANG_WARN_EMPTY_BODY = YES;
				CLANG_WARN_ENUM_CONVERSION = YES;
				CLANG_WARN_INT_CONVERSION = YES;
				CLANG_WARN_OBJC_ROOT_CLASS = YES_ERROR;
				CLANG_WARN__DUPLICATE_METHOD_MATCH = YES;
				"CODE_SIGN_IDENTITY[sdk=iphoneos*]" = "iPhone Developer";
				COPY_PHASE_STRIP = YES;
				ENABLE_NS_ASSERTIONS = NO;
				GCC_C_LANGUAGE_STANDARD = gnu99;
				GCC_WARN_64_TO_32_BIT_CONVERSION = YES;
				GCC_WARN_ABOUT_RETURN_TYPE = YES_ERROR;
				GCC_WARN_UNDECLARED_SELECTOR = YES;
				GCC_WARN_UNINITIALIZED_AUTOS = YES_AGGRESSIVE;
				GCC_WARN_UNUSED_FUNCTION = YES;
				GCC_WARN_UNUSED_VARIABLE = YES;
				IPHONEOS_DEPLOYMENT_TARGET = 7.1;
				SDKROOT = iphoneos;
				VALIDATE_PRODUCT = YES;
			};
			name = Release;
		};
		B574589C18F6566000C2EBC8 /* Debug */ = {
			isa = XCBuildConfiguration;
			buildSettings = {
				ASSETCATALOG_COMPILER_APPICON_NAME = AppIcon;
				ASSETCATALOG_COMPILER_LAUNCHIMAGE_NAME = LaunchImage;
				GCC_PRECOMPILE_PREFIX_HEADER = YES;
				GCC_PREFIX_HEADER = "convertor/convertor-Prefix.pch";
				INFOPLIST_FILE = "convertor/convertor-Info.plist";
				PRODUCT_NAME = "$(TARGET_NAME)";
				WRAPPER_EXTENSION = app;
			};
			name = Debug;
		};
		B574589D18F6566000C2EBC8 /* Release */ = {
			isa = XCBuildConfiguration;
			buildSettings = {
				ASSETCATALOG_COMPILER_APPICON_NAME = AppIcon;
				ASSETCATALOG_COMPILER_LAUNCHIMAGE_NAME = LaunchImage;
				GCC_PRECOMPILE_PREFIX_HEADER = YES;
				GCC_PREFIX_HEADER = "convertor/convertor-Prefix.pch";
				INFOPLIST_FILE = "convertor/convertor-Info.plist";
				PRODUCT_NAME = "$(TARGET_NAME)";
				WRAPPER_EXTENSION = app;
			};
			name = Release;
		};
		B574589F18F6566000C2EBC8 /* Debug */ = {
			isa = XCBuildConfiguration;
			buildSettings = {
				BUNDLE_LOADER = "$(BUILT_PRODUCTS_DIR)/convertor.app/convertor";
				FRAMEWORK_SEARCH_PATHS = (
					"$(SDKROOT)/Developer/Library/Frameworks",
					"$(inherited)",
					"$(DEVELOPER_FRAMEWORKS_DIR)",
				);
				GCC_PRECOMPILE_PREFIX_HEADER = YES;
				GCC_PREFIX_HEADER = "convertor/convertor-Prefix.pch";
				GCC_PREPROCESSOR_DEFINITIONS = (
					"DEBUG=1",
					"$(inherited)",
				);
				INFOPLIST_FILE = "convertorTests/convertorTests-Info.plist";
				PRODUCT_NAME = "$(TARGET_NAME)";
				TEST_HOST = "$(BUNDLE_LOADER)";
				WRAPPER_EXTENSION = xctest;
			};
			name = Debug;
		};
		B57458A018F6566000C2EBC8 /* Release */ = {
			isa = XCBuildConfiguration;
			buildSettings = {
				BUNDLE_LOADER = "$(BUILT_PRODUCTS_DIR)/convertor.app/convertor";
				FRAMEWORK_SEARCH_PATHS = (
					"$(SDKROOT)/Developer/Library/Frameworks",
					"$(inherited)",
					"$(DEVELOPER_FRAMEWORKS_DIR)",
				);
				GCC_PRECOMPILE_PREFIX_HEADER = YES;
				GCC_PREFIX_HEADER = "convertor/convertor-Prefix.pch";
				INFOPLIST_FILE = "convertorTests/convertorTests-Info.plist";
				PRODUCT_NAME = "$(TARGET_NAME)";
				TEST_HOST = "$(BUNDLE_LOADER)";
				WRAPPER_EXTENSION = xctest;
			};
			name = Release;
		};
/* End XCBuildConfiguration section */

/* Begin XCConfigurationList section */
		B574586418F6565F00C2EBC8 /* Build configuration list for PBXProject "convertor" */ = {
			isa = XCConfigurationList;
			buildConfigurations = (
				B574589918F6566000C2EBC8 /* Debug */,
				B574589A18F6566000C2EBC8 /* Release */,
			);
			defaultConfigurationIsVisible = 0;
			defaultConfigurationName = Release;
		};
		B574589B18F6566000C2EBC8 /* Build configuration list for PBXNativeTarget "convertor" */ = {
			isa = XCConfigurationList;
			buildConfigurations = (
				B574589C18F6566000C2EBC8 /* Debug */,
				B574589D18F6566000C2EBC8 /* Release */,
			);
			defaultConfigurationIsVisible = 0;
		};
		B574589E18F6566000C2EBC8 /* Build configuration list for PBXNativeTarget "convertorTests" */ = {
			isa = XCConfigurationList;
			buildConfigurations = (
				B574589F18F6566000C2EBC8 /* Debug */,
				B57458A018F6566000C2EBC8 /* Release */,
			);
			defaultConfigurationIsVisible = 0;
		};
/* End XCConfigurationList section */
	};
	rootObject = B574586118F6565F00C2EBC8 /* Project object */;
}
