// !$*UTF8*$!
{
	archiveVersion = 1;
	classes = {
	};
	objectVersion = 46;
	objects = {

/* Begin PBXBuildFile section */
		B56D66EA1B0C627100104D0A /* main.m in Sources */ = {isa = PBXBuildFile; fileRef = B56D66E91B0C627100104D0A /* main.m */; };
		B56D66ED1B0C627100104D0A /* AppDelegate.m in Sources */ = {isa = PBXBuildFile; fileRef = B56D66EC1B0C627100104D0A /* AppDelegate.m */; };
		B56D66F01B0C627100104D0A /* ViewController.m in Sources */ = {isa = PBXBuildFile; fileRef = B56D66EF1B0C627100104D0A /* ViewController.m */; };
		B56D66F31B0C627100104D0A /* Main.storyboard in Resources */ = {isa = PBXBuildFile; fileRef = B56D66F11B0C627100104D0A /* Main.storyboard */; };
		B56D66F51B0C627100104D0A /* Images.xcassets in Resources */ = {isa = PBXBuildFile; fileRef = B56D66F41B0C627100104D0A /* Images.xcassets */; };
		B56D66F81B0C627100104D0A /* LaunchScreen.xib in Resources */ = {isa = PBXBuildFile; fileRef = B56D66F61B0C627100104D0A /* LaunchScreen.xib */; };
		B56D67041B0C627200104D0A /* demo_swift_in_objcTests.m in Sources */ = {isa = PBXBuildFile; fileRef = B56D67031B0C627200104D0A /* demo_swift_in_objcTests.m */; };
		B56D67131B0C631E00104D0A /* MyObject.swift in Sources */ = {isa = PBXBuildFile; fileRef = B56D67121B0C631E00104D0A /* MyObject.swift */; };
/* End PBXBuildFile section */

/* Begin PBXContainerItemProxy section */
		B56D66FE1B0C627200104D0A /* PBXContainerItemProxy */ = {
			isa = PBXContainerItemProxy;
			containerPortal = B56D66DC1B0C627100104D0A /* Project object */;
			proxyType = 1;
			remoteGlobalIDString = B56D66E31B0C627100104D0A;
			remoteInfo = demo_swift_in_objc;
		};
/* End PBXContainerItemProxy section */

/* Begin PBXFileReference section */
		B56D66E41B0C627100104D0A /* demo_swift_in_objc.app */ = {isa = PBXFileReference; explicitFileType = wrapper.application; includeInIndex = 0; path = demo_swift_in_objc.app; sourceTree = BUILT_PRODUCTS_DIR; };
		B56D66E81B0C627100104D0A /* Info.plist */ = {isa = PBXFileReference; lastKnownFileType = text.plist.xml; path = Info.plist; sourceTree = "<group>"; };
		B56D66E91B0C627100104D0A /* main.m */ = {isa = PBXFileReference; lastKnownFileType = sourcecode.c.objc; path = main.m; sourceTree = "<group>"; };
		B56D66EB1B0C627100104D0A /* AppDelegate.h */ = {isa = PBXFileReference; lastKnownFileType = sourcecode.c.h; path = AppDelegate.h; sourceTree = "<group>"; };
		B56D66EC1B0C627100104D0A /* AppDelegate.m */ = {isa = PBXFileReference; lastKnownFileType = sourcecode.c.objc; path = AppDelegate.m; sourceTree = "<group>"; };
		B56D66EE1B0C627100104D0A /* ViewController.h */ = {isa = PBXFileReference; lastKnownFileType = sourcecode.c.h; path = ViewController.h; sourceTree = "<group>"; };
		B56D66EF1B0C627100104D0A /* ViewController.m */ = {isa = PBXFileReference; lastKnownFileType = sourcecode.c.objc; path = ViewController.m; sourceTree = "<group>"; };
		B56D66F21B0C627100104D0A /* Base */ = {isa = PBXFileReference; lastKnownFileType = file.storyboard; name = Base; path = Base.lproj/Main.storyboard; sourceTree = "<group>"; };
		B56D66F41B0C627100104D0A /* Images.xcassets */ = {isa = PBXFileReference; lastKnownFileType = folder.assetcatalog; path = Images.xcassets; sourceTree = "<group>"; };
		B56D66F71B0C627100104D0A /* Base */ = {isa = PBXFileReference; lastKnownFileType = file.xib; name = Base; path = Base.lproj/LaunchScreen.xib; sourceTree = "<group>"; };
		B56D66FD1B0C627200104D0A /* demo_swift_in_objcTests.xctest */ = {isa = PBXFileReference; explicitFileType = wrapper.cfbundle; includeInIndex = 0; path = demo_swift_in_objcTests.xctest; sourceTree = BUILT_PRODUCTS_DIR; };
		B56D67021B0C627200104D0A /* Info.plist */ = {isa = PBXFileReference; lastKnownFileType = text.plist.xml; path = Info.plist; sourceTree = "<group>"; };
		B56D67031B0C627200104D0A /* demo_swift_in_objcTests.m */ = {isa = PBXFileReference; lastKnownFileType = sourcecode.c.objc; path = demo_swift_in_objcTests.m; sourceTree = "<group>"; };
		B56D670D1B0C62A200104D0A /* demo_swift_in_objc-Bridging-Header.h */ = {isa = PBXFileReference; lastKnownFileType = sourcecode.c.h; path = "demo_swift_in_objc-Bridging-Header.h"; sourceTree = "<group>"; };
		B56D67121B0C631E00104D0A /* MyObject.swift */ = {isa = PBXFileReference; fileEncoding = 4; lastKnownFileType = sourcecode.swift; path = MyObject.swift; sourceTree = "<group>"; };
/* End PBXFileReference section */

/* Begin PBXFrameworksBuildPhase section */
		B56D66E11B0C627100104D0A /* Frameworks */ = {
			isa = PBXFrameworksBuildPhase;
			buildActionMask = 2147483647;
			files = (
			);
			runOnlyForDeploymentPostprocessing = 0;
		};
		B56D66FA1B0C627200104D0A /* Frameworks */ = {
			isa = PBXFrameworksBuildPhase;
			buildActionMask = 2147483647;
			files = (
			);
			runOnlyForDeploymentPostprocessing = 0;
		};
/* End PBXFrameworksBuildPhase section */

/* Begin PBXGroup section */
		B56D66DB1B0C627100104D0A = {
			isa = PBXGroup;
			children = (
				B56D66E61B0C627100104D0A /* demo_swift_in_objc */,
				B56D67001B0C627200104D0A /* demo_swift_in_objcTests */,
				B56D66E51B0C627100104D0A /* Products */,
				B56D670D1B0C62A200104D0A /* demo_swift_in_objc-Bridging-Header.h */,
			);
			sourceTree = "<group>";
		};
		B56D66E51B0C627100104D0A /* Products */ = {
			isa = PBXGroup;
			children = (
				B56D66E41B0C627100104D0A /* demo_swift_in_objc.app */,
				B56D66FD1B0C627200104D0A /* demo_swift_in_objcTests.xctest */,
			);
			name = Products;
			sourceTree = "<group>";
		};
		B56D66E61B0C627100104D0A /* demo_swift_in_objc */ = {
			isa = PBXGroup;
			children = (
				B56D66EB1B0C627100104D0A /* AppDelegate.h */,
				B56D66EC1B0C627100104D0A /* AppDelegate.m */,
				B56D66EE1B0C627100104D0A /* ViewController.h */,
				B56D66EF1B0C627100104D0A /* ViewController.m */,
				B56D67121B0C631E00104D0A /* MyObject.swift */,
				B56D66F11B0C627100104D0A /* Main.storyboard */,
				B56D66F41B0C627100104D0A /* Images.xcassets */,
				B56D66F61B0C627100104D0A /* LaunchScreen.xib */,
				B56D66E71B0C627100104D0A /* Supporting Files */,
			);
			path = demo_swift_in_objc;
			sourceTree = "<group>";
		};
		B56D66E71B0C627100104D0A /* Supporting Files */ = {
			isa = PBXGroup;
			children = (
				B56D66E81B0C627100104D0A /* Info.plist */,
				B56D66E91B0C627100104D0A /* main.m */,
			);
			name = "Supporting Files";
			sourceTree = "<group>";
		};
		B56D67001B0C627200104D0A /* demo_swift_in_objcTests */ = {
			isa = PBXGroup;
			children = (
				B56D67031B0C627200104D0A /* demo_swift_in_objcTests.m */,
				B56D67011B0C627200104D0A /* Supporting Files */,
			);
			path = demo_swift_in_objcTests;
			sourceTree = "<group>";
		};
		B56D67011B0C627200104D0A /* Supporting Files */ = {
			isa = PBXGroup;
			children = (
				B56D67021B0C627200104D0A /* Info.plist */,
			);
			name = "Supporting Files";
			sourceTree = "<group>";
		};
/* End PBXGroup section */

/* Begin PBXNativeTarget section */
		B56D66E31B0C627100104D0A /* demo_swift_in_objc */ = {
			isa = PBXNativeTarget;
			buildConfigurationList = B56D67071B0C627200104D0A /* Build configuration list for PBXNativeTarget "demo_swift_in_objc" */;
			buildPhases = (
				B56D66E01B0C627100104D0A /* Sources */,
				B56D66E11B0C627100104D0A /* Frameworks */,
				B56D66E21B0C627100104D0A /* Resources */,
			);
			buildRules = (
			);
			dependencies = (
			);
			name = demo_swift_in_objc;
			productName = demo_swift_in_objc;
			productReference = B56D66E41B0C627100104D0A /* demo_swift_in_objc.app */;
			productType = "com.apple.product-type.application";
		};
		B56D66FC1B0C627200104D0A /* demo_swift_in_objcTests */ = {
			isa = PBXNativeTarget;
			buildConfigurationList = B56D670A1B0C627200104D0A /* Build configuration list for PBXNativeTarget "demo_swift_in_objcTests" */;
			buildPhases = (
				B56D66F91B0C627200104D0A /* Sources */,
				B56D66FA1B0C627200104D0A /* Frameworks */,
				B56D66FB1B0C627200104D0A /* Resources */,
			);
			buildRules = (
			);
			dependencies = (
				B56D66FF1B0C627200104D0A /* PBXTargetDependency */,
			);
			name = demo_swift_in_objcTests;
			productName = demo_swift_in_objcTests;
			productReference = B56D66FD1B0C627200104D0A /* demo_swift_in_objcTests.xctest */;
			productType = "com.apple.product-type.bundle.unit-test";
		};
/* End PBXNativeTarget section */

/* Begin PBXProject section */
		B56D66DC1B0C627100104D0A /* Project object */ = {
			isa = PBXProject;
			attributes = {
				LastUpgradeCheck = 0630;
				ORGANIZATIONNAME = cpttm;
				TargetAttributes = {
					B56D66E31B0C627100104D0A = {
						CreatedOnToolsVersion = 6.3;
					};
					B56D66FC1B0C627200104D0A = {
						CreatedOnToolsVersion = 6.3;
						TestTargetID = B56D66E31B0C627100104D0A;
					};
				};
			};
			buildConfigurationList = B56D66DF1B0C627100104D0A /* Build configuration list for PBXProject "demo_swift_in_objc" */;
			compatibilityVersion = "Xcode 3.2";
			developmentRegion = English;
			hasScannedForEncodings = 0;
			knownRegions = (
				en,
				Base,
			);
			mainGroup = B56D66DB1B0C627100104D0A;
			productRefGroup = B56D66E51B0C627100104D0A /* Products */;
			projectDirPath = "";
			projectRoot = "";
			targets = (
				B56D66E31B0C627100104D0A /* demo_swift_in_objc */,
				B56D66FC1B0C627200104D0A /* demo_swift_in_objcTests */,
			);
		};
/* End PBXProject section */

/* Begin PBXResourcesBuildPhase section */
		B56D66E21B0C627100104D0A /* Resources */ = {
			isa = PBXResourcesBuildPhase;
			buildActionMask = 2147483647;
			files = (
				B56D66F31B0C627100104D0A /* Main.storyboard in Resources */,
				B56D66F81B0C627100104D0A /* LaunchScreen.xib in Resources */,
				B56D66F51B0C627100104D0A /* Images.xcassets in Resources */,
			);
			runOnlyForDeploymentPostprocessing = 0;
		};
		B56D66FB1B0C627200104D0A /* Resources */ = {
			isa = PBXResourcesBuildPhase;
			buildActionMask = 2147483647;
			files = (
			);
			runOnlyForDeploymentPostprocessing = 0;
		};
/* End PBXResourcesBuildPhase section */

/* Begin PBXSourcesBuildPhase section */
		B56D66E01B0C627100104D0A /* Sources */ = {
			isa = PBXSourcesBuildPhase;
			buildActionMask = 2147483647;
			files = (
				B56D66F01B0C627100104D0A /* ViewController.m in Sources */,
				B56D66ED1B0C627100104D0A /* AppDelegate.m in Sources */,
				B56D67131B0C631E00104D0A /* MyObject.swift in Sources */,
				B56D66EA1B0C627100104D0A /* main.m in Sources */,
			);
			runOnlyForDeploymentPostprocessing = 0;
		};
		B56D66F91B0C627200104D0A /* Sources */ = {
			isa = PBXSourcesBuildPhase;
			buildActionMask = 2147483647;
			files = (
				B56D67041B0C627200104D0A /* demo_swift_in_objcTests.m in Sources */,
			);
			runOnlyForDeploymentPostprocessing = 0;
		};
/* End PBXSourcesBuildPhase section */

/* Begin PBXTargetDependency section */
		B56D66FF1B0C627200104D0A /* PBXTargetDependency */ = {
			isa = PBXTargetDependency;
			target = B56D66E31B0C627100104D0A /* demo_swift_in_objc */;
			targetProxy = B56D66FE1B0C627200104D0A /* PBXContainerItemProxy */;
		};
/* End PBXTargetDependency section */

/* Begin PBXVariantGroup section */
		B56D66F11B0C627100104D0A /* Main.storyboard */ = {
			isa = PBXVariantGroup;
			children = (
				B56D66F21B0C627100104D0A /* Base */,
			);
			name = Main.storyboard;
			sourceTree = "<group>";
		};
		B56D66F61B0C627100104D0A /* LaunchScreen.xib */ = {
			isa = PBXVariantGroup;
			children = (
				B56D66F71B0C627100104D0A /* Base */,
			);
			name = LaunchScreen.xib;
			sourceTree = "<group>";
		};
/* End PBXVariantGroup section */

/* Begin XCBuildConfiguration section */
		B56D67051B0C627200104D0A /* Debug */ = {
			isa = XCBuildConfiguration;
			buildSettings = {
				ALWAYS_SEARCH_USER_PATHS = NO;
				CLANG_CXX_LANGUAGE_STANDARD = "gnu++0x";
				CLANG_CXX_LIBRARY = "libc++";
				CLANG_ENABLE_MODULES = YES;
				CLANG_ENABLE_OBJC_ARC = YES;
				CLANG_WARN_BOOL_CONVERSION = YES;
				CLANG_WARN_CONSTANT_CONVERSION = YES;
				CLANG_WARN_DIRECT_OBJC_ISA_USAGE = YES_ERROR;
				CLANG_WARN_EMPTY_BODY = YES;
				CLANG_WARN_ENUM_CONVERSION = YES;
				CLANG_WARN_INT_CONVERSION = YES;
				CLANG_WARN_OBJC_ROOT_CLASS = YES_ERROR;
				CLANG_WARN_UNREACHABLE_CODE = YES;
				CLANG_WARN__DUPLICATE_METHOD_MATCH = YES;
				"CODE_SIGN_IDENTITY[sdk=iphoneos*]" = "iPhone Developer";
				COPY_PHASE_STRIP = NO;
				DEBUG_INFORMATION_FORMAT = "dwarf-with-dsym";
				ENABLE_STRICT_OBJC_MSGSEND = YES;
				GCC_C_LANGUAGE_STANDARD = gnu99;
				GCC_DYNAMIC_NO_PIC = NO;
				GCC_NO_COMMON_BLOCKS = YES;
				GCC_OPTIMIZATION_LEVEL = 0;
				GCC_PREPROCESSOR_DEFINITIONS = (
					"DEBUG=1",
					"$(inherited)",
				);
				GCC_SYMBOLS_PRIVATE_EXTERN = NO;
				GCC_WARN_64_TO_32_BIT_CONVERSION = YES;
				GCC_WARN_ABOUT_RETURN_TYPE = YES_ERROR;
				GCC_WARN_UNDECLARED_SELECTOR = YES;
				GCC_WARN_UNINITIALIZED_AUTOS = YES_AGGRESSIVE;
				GCC_WARN_UNUSED_FUNCTION = YES;
				GCC_WARN_UNUSED_VARIABLE = YES;
				IPHONEOS_DEPLOYMENT_TARGET = 8.3;
				MTL_ENABLE_DEBUG_INFO = YES;
				ONLY_ACTIVE_ARCH = YES;
				SDKROOT = iphoneos;
			};
			name = Debug;
		};
		B56D67061B0C627200104D0A /* Release */ = {
			isa = XCBuildConfiguration;
			buildSettings = {
				ALWAYS_SEARCH_USER_PATHS = NO;
				CLANG_CXX_LANGUAGE_STANDARD = "gnu++0x";
				CLANG_CXX_LIBRARY = "libc++";
				CLANG_ENABLE_MODULES = YES;
				CLANG_ENABLE_OBJC_ARC = YES;
				CLANG_WARN_BOOL_CONVERSION = YES;
				CLANG_WARN_CONSTANT_CONVERSION = YES;
				CLANG_WARN_DIRECT_OBJC_ISA_USAGE = YES_ERROR;
				CLANG_WARN_EMPTY_BODY = YES;
				CLANG_WARN_ENUM_CONVERSION = YES;
				CLANG_WARN_INT_CONVERSION = YES;
				CLANG_WARN_OBJC_ROOT_CLASS = YES_ERROR;
				CLANG_WARN_UNREACHABLE_CODE = YES;
				CLANG_WARN__DUPLICATE_METHOD_MATCH = YES;
				"CODE_SIGN_IDENTITY[sdk=iphoneos*]" = "iPhone Developer";
				COPY_PHASE_STRIP = NO;
				DEBUG_INFORMATION_FORMAT = "dwarf-with-dsym";
				ENABLE_NS_ASSERTIONS = NO;
				ENABLE_STRICT_OBJC_MSGSEND = YES;
				GCC_C_LANGUAGE_STANDARD = gnu99;
				GCC_NO_COMMON_BLOCKS = YES;
				GCC_WARN_64_TO_32_BIT_CONVERSION = YES;
				GCC_WARN_ABOUT_RETURN_TYPE = YES_ERROR;
				GCC_WARN_UNDECLARED_SELECTOR = YES;
				GCC_WARN_UNINITIALIZED_AUTOS = YES_AGGRESSIVE;
				GCC_WARN_UNUSED_FUNCTION = YES;
				GCC_WARN_UNUSED_VARIABLE = YES;
				IPHONEOS_DEPLOYMENT_TARGET = 8.3;
				MTL_ENABLE_DEBUG_INFO = NO;
				SDKROOT = iphoneos;
				VALIDATE_PRODUCT = YES;
			};
			name = Release;
		};
		B56D67081B0C627200104D0A /* Debug */ = {
			isa = XCBuildConfiguration;
			buildSettings = {
				ASSETCATALOG_COMPILER_APPICON_NAME = AppIcon;
				CLANG_ENABLE_MODULES = YES;
				INFOPLIST_FILE = demo_swift_in_objc/Info.plist;
				LD_RUNPATH_SEARCH_PATHS = "$(inherited) @executable_path/Frameworks";
				PRODUCT_NAME = "$(TARGET_NAME)";
				SWIFT_OBJC_BRIDGING_HEADER = "demo_swift_in_objc-Bridging-Header.h";
				SWIFT_OPTIMIZATION_LEVEL = "-Onone";
			};
			name = Debug;
		};
		B56D67091B0C627200104D0A /* Release */ = {
			isa = XCBuildConfiguration;
			buildSettings = {
				ASSETCATALOG_COMPILER_APPICON_NAME = AppIcon;
				CLANG_ENABLE_MODULES = YES;
				INFOPLIST_FILE = demo_swift_in_objc/Info.plist;
				LD_RUNPATH_SEARCH_PATHS = "$(inherited) @executable_path/Frameworks";
				PRODUCT_NAME = "$(TARGET_NAME)";
				SWIFT_OBJC_BRIDGING_HEADER = "demo_swift_in_objc-Bridging-Header.h";
			};
			name = Release;
		};
		B56D670B1B0C627200104D0A /* Debug */ = {
			isa = XCBuildConfiguration;
			buildSettings = {
				BUNDLE_LOADER = "$(TEST_HOST)";
				FRAMEWORK_SEARCH_PATHS = (
					"$(SDKROOT)/Developer/Library/Frameworks",
					"$(inherited)",
				);
				GCC_PREPROCESSOR_DEFINITIONS = (
					"DEBUG=1",
					"$(inherited)",
				);
				INFOPLIST_FILE = demo_swift_in_objcTests/Info.plist;
				LD_RUNPATH_SEARCH_PATHS = "$(inherited) @executable_path/Frameworks @loader_path/Frameworks";
				PRODUCT_NAME = "$(TARGET_NAME)";
				TEST_HOST = "$(BUILT_PRODUCTS_DIR)/demo_swift_in_objc.app/demo_swift_in_objc";
			};
			name = Debug;
		};
		B56D670C1B0C627200104D0A /* Release */ = {
			isa = XCBuildConfiguration;
			buildSettings = {
				BUNDLE_LOADER = "$(TEST_HOST)";
				FRAMEWORK_SEARCH_PATHS = (
					"$(SDKROOT)/Developer/Library/Frameworks",
					"$(inherited)",
				);
				INFOPLIST_FILE = demo_swift_in_objcTests/Info.plist;
				LD_RUNPATH_SEARCH_PATHS = "$(inherited) @executable_path/Frameworks @loader_path/Frameworks";
				PRODUCT_NAME = "$(TARGET_NAME)";
				TEST_HOST = "$(BUILT_PRODUCTS_DIR)/demo_swift_in_objc.app/demo_swift_in_objc";
			};
			name = Release;
		};
/* End XCBuildConfiguration section */

/* Begin XCConfigurationList section */
		B56D66DF1B0C627100104D0A /* Build configuration list for PBXProject "demo_swift_in_objc" */ = {
			isa = XCConfigurationList;
			buildConfigurations = (
				B56D67051B0C627200104D0A /* Debug */,
				B56D67061B0C627200104D0A /* Release */,
			);
			defaultConfigurationIsVisible = 0;
			defaultConfigurationName = Release;
		};
		B56D67071B0C627200104D0A /* Build configuration list for PBXNativeTarget "demo_swift_in_objc" */ = {
			isa = XCConfigurationList;
			buildConfigurations = (
				B56D67081B0C627200104D0A /* Debug */,
				B56D67091B0C627200104D0A /* Release */,
			);
			defaultConfigurationIsVisible = 0;
		};
		B56D670A1B0C627200104D0A /* Build configuration list for PBXNativeTarget "demo_swift_in_objcTests" */ = {
			isa = XCConfigurationList;
			buildConfigurations = (
				B56D670B1B0C627200104D0A /* Debug */,
				B56D670C1B0C627200104D0A /* Release */,
			);
			defaultConfigurationIsVisible = 0;
		};
/* End XCConfigurationList section */
	};
	rootObject = B56D66DC1B0C627100104D0A /* Project object */;
}
