// !$*UTF8*$!
{
	archiveVersion = 1;
	classes = {
	};
	objectVersion = 46;
	objects = {

/* Begin PBXBuildFile section */
		B50D57B01AC8F13F00B43CC6 /* main.m in Sources */ = {isa = PBXBuildFile; fileRef = B50D57AF1AC8F13F00B43CC6 /* main.m */; };
		B50D57B31AC8F13F00B43CC6 /* AppDelegate.m in Sources */ = {isa = PBXBuildFile; fileRef = B50D57B21AC8F13F00B43CC6 /* AppDelegate.m */; };
		B50D57B61AC8F13F00B43CC6 /* ViewController.m in Sources */ = {isa = PBXBuildFile; fileRef = B50D57B51AC8F13F00B43CC6 /* ViewController.m */; };
		B50D57B91AC8F13F00B43CC6 /* Main.storyboard in Resources */ = {isa = PBXBuildFile; fileRef = B50D57B71AC8F13F00B43CC6 /* Main.storyboard */; };
		B50D57BB1AC8F13F00B43CC6 /* Images.xcassets in Resources */ = {isa = PBXBuildFile; fileRef = B50D57BA1AC8F13F00B43CC6 /* Images.xcassets */; };
		B50D57BE1AC8F13F00B43CC6 /* LaunchScreen.xib in Resources */ = {isa = PBXBuildFile; fileRef = B50D57BC1AC8F13F00B43CC6 /* LaunchScreen.xib */; };
		B50D57CA1AC8F13F00B43CC6 /* demo_TableViewTests.m in Sources */ = {isa = PBXBuildFile; fileRef = B50D57C91AC8F13F00B43CC6 /* demo_TableViewTests.m */; };
		B50D57D51AC8F16C00B43CC6 /* myTableViewController.m in Sources */ = {isa = PBXBuildFile; fileRef = B50D57D41AC8F16C00B43CC6 /* myTableViewController.m */; };
/* End PBXBuildFile section */

/* Begin PBXContainerItemProxy section */
		B50D57C41AC8F13F00B43CC6 /* PBXContainerItemProxy */ = {
			isa = PBXContainerItemProxy;
			containerPortal = B50D57A21AC8F13F00B43CC6 /* Project object */;
			proxyType = 1;
			remoteGlobalIDString = B50D57A91AC8F13F00B43CC6;
			remoteInfo = demo_TableView;
		};
/* End PBXContainerItemProxy section */

/* Begin PBXFileReference section */
		B50D57AA1AC8F13F00B43CC6 /* demo_TableView.app */ = {isa = PBXFileReference; explicitFileType = wrapper.application; includeInIndex = 0; path = demo_TableView.app; sourceTree = BUILT_PRODUCTS_DIR; };
		B50D57AE1AC8F13F00B43CC6 /* Info.plist */ = {isa = PBXFileReference; lastKnownFileType = text.plist.xml; path = Info.plist; sourceTree = "<group>"; };
		B50D57AF1AC8F13F00B43CC6 /* main.m */ = {isa = PBXFileReference; lastKnownFileType = sourcecode.c.objc; path = main.m; sourceTree = "<group>"; };
		B50D57B11AC8F13F00B43CC6 /* AppDelegate.h */ = {isa = PBXFileReference; lastKnownFileType = sourcecode.c.h; path = AppDelegate.h; sourceTree = "<group>"; };
		B50D57B21AC8F13F00B43CC6 /* AppDelegate.m */ = {isa = PBXFileReference; lastKnownFileType = sourcecode.c.objc; path = AppDelegate.m; sourceTree = "<group>"; };
		B50D57B41AC8F13F00B43CC6 /* ViewController.h */ = {isa = PBXFileReference; lastKnownFileType = sourcecode.c.h; path = ViewController.h; sourceTree = "<group>"; };
		B50D57B51AC8F13F00B43CC6 /* ViewController.m */ = {isa = PBXFileReference; lastKnownFileType = sourcecode.c.objc; path = ViewController.m; sourceTree = "<group>"; };
		B50D57B81AC8F13F00B43CC6 /* Base */ = {isa = PBXFileReference; lastKnownFileType = file.storyboard; name = Base; path = Base.lproj/Main.storyboard; sourceTree = "<group>"; };
		B50D57BA1AC8F13F00B43CC6 /* Images.xcassets */ = {isa = PBXFileReference; lastKnownFileType = folder.assetcatalog; path = Images.xcassets; sourceTree = "<group>"; };
		B50D57BD1AC8F13F00B43CC6 /* Base */ = {isa = PBXFileReference; lastKnownFileType = file.xib; name = Base; path = Base.lproj/LaunchScreen.xib; sourceTree = "<group>"; };
		B50D57C31AC8F13F00B43CC6 /* demo_TableViewTests.xctest */ = {isa = PBXFileReference; explicitFileType = wrapper.cfbundle; includeInIndex = 0; path = demo_TableViewTests.xctest; sourceTree = BUILT_PRODUCTS_DIR; };
		B50D57C81AC8F13F00B43CC6 /* Info.plist */ = {isa = PBXFileReference; lastKnownFileType = text.plist.xml; path = Info.plist; sourceTree = "<group>"; };
		B50D57C91AC8F13F00B43CC6 /* demo_TableViewTests.m */ = {isa = PBXFileReference; lastKnownFileType = sourcecode.c.objc; path = demo_TableViewTests.m; sourceTree = "<group>"; };
		B50D57D31AC8F16C00B43CC6 /* myTableViewController.h */ = {isa = PBXFileReference; fileEncoding = 4; lastKnownFileType = sourcecode.c.h; path = myTableViewController.h; sourceTree = "<group>"; };
		B50D57D41AC8F16C00B43CC6 /* myTableViewController.m */ = {isa = PBXFileReference; fileEncoding = 4; lastKnownFileType = sourcecode.c.objc; path = myTableViewController.m; sourceTree = "<group>"; };
/* End PBXFileReference section */

/* Begin PBXFrameworksBuildPhase section */
		B50D57A71AC8F13F00B43CC6 /* Frameworks */ = {
			isa = PBXFrameworksBuildPhase;
			buildActionMask = 2147483647;
			files = (
			);
			runOnlyForDeploymentPostprocessing = 0;
		};
		B50D57C01AC8F13F00B43CC6 /* Frameworks */ = {
			isa = PBXFrameworksBuildPhase;
			buildActionMask = 2147483647;
			files = (
			);
			runOnlyForDeploymentPostprocessing = 0;
		};
/* End PBXFrameworksBuildPhase section */

/* Begin PBXGroup section */
		B50D57A11AC8F13F00B43CC6 = {
			isa = PBXGroup;
			children = (
				B50D57AC1AC8F13F00B43CC6 /* demo_TableView */,
				B50D57C61AC8F13F00B43CC6 /* demo_TableViewTests */,
				B50D57AB1AC8F13F00B43CC6 /* Products */,
			);
			sourceTree = "<group>";
		};
		B50D57AB1AC8F13F00B43CC6 /* Products */ = {
			isa = PBXGroup;
			children = (
				B50D57AA1AC8F13F00B43CC6 /* demo_TableView.app */,
				B50D57C31AC8F13F00B43CC6 /* demo_TableViewTests.xctest */,
			);
			name = Products;
			sourceTree = "<group>";
		};
		B50D57AC1AC8F13F00B43CC6 /* demo_TableView */ = {
			isa = PBXGroup;
			children = (
				B50D57B11AC8F13F00B43CC6 /* AppDelegate.h */,
				B50D57B21AC8F13F00B43CC6 /* AppDelegate.m */,
				B50D57B41AC8F13F00B43CC6 /* ViewController.h */,
				B50D57B51AC8F13F00B43CC6 /* ViewController.m */,
				B50D57B71AC8F13F00B43CC6 /* Main.storyboard */,
				B50D57D31AC8F16C00B43CC6 /* myTableViewController.h */,
				B50D57D41AC8F16C00B43CC6 /* myTableViewController.m */,
				B50D57BA1AC8F13F00B43CC6 /* Images.xcassets */,
				B50D57BC1AC8F13F00B43CC6 /* LaunchScreen.xib */,
				B50D57AD1AC8F13F00B43CC6 /* Supporting Files */,
			);
			path = demo_TableView;
			sourceTree = "<group>";
		};
		B50D57AD1AC8F13F00B43CC6 /* Supporting Files */ = {
			isa = PBXGroup;
			children = (
				B50D57AE1AC8F13F00B43CC6 /* Info.plist */,
				B50D57AF1AC8F13F00B43CC6 /* main.m */,
			);
			name = "Supporting Files";
			sourceTree = "<group>";
		};
		B50D57C61AC8F13F00B43CC6 /* demo_TableViewTests */ = {
			isa = PBXGroup;
			children = (
				B50D57C91AC8F13F00B43CC6 /* demo_TableViewTests.m */,
				B50D57C71AC8F13F00B43CC6 /* Supporting Files */,
			);
			path = demo_TableViewTests;
			sourceTree = "<group>";
		};
		B50D57C71AC8F13F00B43CC6 /* Supporting Files */ = {
			isa = PBXGroup;
			children = (
				B50D57C81AC8F13F00B43CC6 /* Info.plist */,
			);
			name = "Supporting Files";
			sourceTree = "<group>";
		};
/* End PBXGroup section */

/* Begin PBXNativeTarget section */
		B50D57A91AC8F13F00B43CC6 /* demo_TableView */ = {
			isa = PBXNativeTarget;
			buildConfigurationList = B50D57CD1AC8F13F00B43CC6 /* Build configuration list for PBXNativeTarget "demo_TableView" */;
			buildPhases = (
				B50D57A61AC8F13F00B43CC6 /* Sources */,
				B50D57A71AC8F13F00B43CC6 /* Frameworks */,
				B50D57A81AC8F13F00B43CC6 /* Resources */,
			);
			buildRules = (
			);
			dependencies = (
			);
			name = demo_TableView;
			productName = demo_TableView;
			productReference = B50D57AA1AC8F13F00B43CC6 /* demo_TableView.app */;
			productType = "com.apple.product-type.application";
		};
		B50D57C21AC8F13F00B43CC6 /* demo_TableViewTests */ = {
			isa = PBXNativeTarget;
			buildConfigurationList = B50D57D01AC8F13F00B43CC6 /* Build configuration list for PBXNativeTarget "demo_TableViewTests" */;
			buildPhases = (
				B50D57BF1AC8F13F00B43CC6 /* Sources */,
				B50D57C01AC8F13F00B43CC6 /* Frameworks */,
				B50D57C11AC8F13F00B43CC6 /* Resources */,
			);
			buildRules = (
			);
			dependencies = (
				B50D57C51AC8F13F00B43CC6 /* PBXTargetDependency */,
			);
			name = demo_TableViewTests;
			productName = demo_TableViewTests;
			productReference = B50D57C31AC8F13F00B43CC6 /* demo_TableViewTests.xctest */;
			productType = "com.apple.product-type.bundle.unit-test";
		};
/* End PBXNativeTarget section */

/* Begin PBXProject section */
		B50D57A21AC8F13F00B43CC6 /* Project object */ = {
			isa = PBXProject;
			attributes = {
				LastUpgradeCheck = 0610;
				ORGANIZATIONNAME = CPTTM;
				TargetAttributes = {
					B50D57A91AC8F13F00B43CC6 = {
						CreatedOnToolsVersion = 6.1.1;
					};
					B50D57C21AC8F13F00B43CC6 = {
						CreatedOnToolsVersion = 6.1.1;
						TestTargetID = B50D57A91AC8F13F00B43CC6;
					};
				};
			};
			buildConfigurationList = B50D57A51AC8F13F00B43CC6 /* Build configuration list for PBXProject "demo_TableView" */;
			compatibilityVersion = "Xcode 3.2";
			developmentRegion = English;
			hasScannedForEncodings = 0;
			knownRegions = (
				en,
				Base,
			);
			mainGroup = B50D57A11AC8F13F00B43CC6;
			productRefGroup = B50D57AB1AC8F13F00B43CC6 /* Products */;
			projectDirPath = "";
			projectRoot = "";
			targets = (
				B50D57A91AC8F13F00B43CC6 /* demo_TableView */,
				B50D57C21AC8F13F00B43CC6 /* demo_TableViewTests */,
			);
		};
/* End PBXProject section */

/* Begin PBXResourcesBuildPhase section */
		B50D57A81AC8F13F00B43CC6 /* Resources */ = {
			isa = PBXResourcesBuildPhase;
			buildActionMask = 2147483647;
			files = (
				B50D57B91AC8F13F00B43CC6 /* Main.storyboard in Resources */,
				B50D57BE1AC8F13F00B43CC6 /* LaunchScreen.xib in Resources */,
				B50D57BB1AC8F13F00B43CC6 /* Images.xcassets in Resources */,
			);
			runOnlyForDeploymentPostprocessing = 0;
		};
		B50D57C11AC8F13F00B43CC6 /* Resources */ = {
			isa = PBXResourcesBuildPhase;
			buildActionMask = 2147483647;
			files = (
			);
			runOnlyForDeploymentPostprocessing = 0;
		};
/* End PBXResourcesBuildPhase section */

/* Begin PBXSourcesBuildPhase section */
		B50D57A61AC8F13F00B43CC6 /* Sources */ = {
			isa = PBXSourcesBuildPhase;
			buildActionMask = 2147483647;
			files = (
				B50D57B61AC8F13F00B43CC6 /* ViewController.m in Sources */,
				B50D57B31AC8F13F00B43CC6 /* AppDelegate.m in Sources */,
				B50D57B01AC8F13F00B43CC6 /* main.m in Sources */,
				B50D57D51AC8F16C00B43CC6 /* myTableViewController.m in Sources */,
			);
			runOnlyForDeploymentPostprocessing = 0;
		};
		B50D57BF1AC8F13F00B43CC6 /* Sources */ = {
			isa = PBXSourcesBuildPhase;
			buildActionMask = 2147483647;
			files = (
				B50D57CA1AC8F13F00B43CC6 /* demo_TableViewTests.m in Sources */,
			);
			runOnlyForDeploymentPostprocessing = 0;
		};
/* End PBXSourcesBuildPhase section */

/* Begin PBXTargetDependency section */
		B50D57C51AC8F13F00B43CC6 /* PBXTargetDependency */ = {
			isa = PBXTargetDependency;
			target = B50D57A91AC8F13F00B43CC6 /* demo_TableView */;
			targetProxy = B50D57C41AC8F13F00B43CC6 /* PBXContainerItemProxy */;
		};
/* End PBXTargetDependency section */

/* Begin PBXVariantGroup section */
		B50D57B71AC8F13F00B43CC6 /* Main.storyboard */ = {
			isa = PBXVariantGroup;
			children = (
				B50D57B81AC8F13F00B43CC6 /* Base */,
			);
			name = Main.storyboard;
			sourceTree = "<group>";
		};
		B50D57BC1AC8F13F00B43CC6 /* LaunchScreen.xib */ = {
			isa = PBXVariantGroup;
			children = (
				B50D57BD1AC8F13F00B43CC6 /* Base */,
			);
			name = LaunchScreen.xib;
			sourceTree = "<group>";
		};
/* End PBXVariantGroup section */

/* Begin XCBuildConfiguration section */
		B50D57CB1AC8F13F00B43CC6 /* Debug */ = {
			isa = XCBuildConfiguration;
			buildSettings = {
				ALWAYS_SEARCH_USER_PATHS = NO;
				CLANG_CXX_LANGUAGE_STANDARD = "gnu++0x";
				CLANG_CXX_LIBRARY = "libc++";
				CLANG_ENABLE_MODULES = YES;
				CLANG_ENABLE_OBJC_ARC = YES;
				CLANG_WARN_BOOL_CONVERSION = YES;
				CLANG_WARN_CONSTANT_CONVERSION = YES;
				CLANG_WARN_DIRECT_OBJC_ISA_USAGE = YES_ERROR;
				CLANG_WARN_EMPTY_BODY = YES;
				CLANG_WARN_ENUM_CONVERSION = YES;
				CLANG_WARN_INT_CONVERSION = YES;
				CLANG_WARN_OBJC_ROOT_CLASS = YES_ERROR;
				CLANG_WARN_UNREACHABLE_CODE = YES;
				CLANG_WARN__DUPLICATE_METHOD_MATCH = YES;
				"CODE_SIGN_IDENTITY[sdk=iphoneos*]" = "iPhone Developer";
				COPY_PHASE_STRIP = NO;
				ENABLE_STRICT_OBJC_MSGSEND = YES;
				GCC_C_LANGUAGE_STANDARD = gnu99;
				GCC_DYNAMIC_NO_PIC = NO;
				GCC_OPTIMIZATION_LEVEL = 0;
				GCC_PREPROCESSOR_DEFINITIONS = (
					"DEBUG=1",
					"$(inherited)",
				);
				GCC_SYMBOLS_PRIVATE_EXTERN = NO;
				GCC_WARN_64_TO_32_BIT_CONVERSION = YES;
				GCC_WARN_ABOUT_RETURN_TYPE = YES_ERROR;
				GCC_WARN_UNDECLARED_SELECTOR = YES;
				GCC_WARN_UNINITIALIZED_AUTOS = YES_AGGRESSIVE;
				GCC_WARN_UNUSED_FUNCTION = YES;
				GCC_WARN_UNUSED_VARIABLE = YES;
				IPHONEOS_DEPLOYMENT_TARGET = 8.1;
				MTL_ENABLE_DEBUG_INFO = YES;
				ONLY_ACTIVE_ARCH = YES;
				SDKROOT = iphoneos;
			};
			name = Debug;
		};
		B50D57CC1AC8F13F00B43CC6 /* Release */ = {
			isa = XCBuildConfiguration;
			buildSettings = {
				ALWAYS_SEARCH_USER_PATHS = NO;
				CLANG_CXX_LANGUAGE_STANDARD = "gnu++0x";
				CLANG_CXX_LIBRARY = "libc++";
				CLANG_ENABLE_MODULES = YES;
				CLANG_ENABLE_OBJC_ARC = YES;
				CLANG_WARN_BOOL_CONVERSION = YES;
				CLANG_WARN_CONSTANT_CONVERSION = YES;
				CLANG_WARN_DIRECT_OBJC_ISA_USAGE = YES_ERROR;
				CLANG_WARN_EMPTY_BODY = YES;
				CLANG_WARN_ENUM_CONVERSION = YES;
				CLANG_WARN_INT_CONVERSION = YES;
				CLANG_WARN_OBJC_ROOT_CLASS = YES_ERROR;
				CLANG_WARN_UNREACHABLE_CODE = YES;
				CLANG_WARN__DUPLICATE_METHOD_MATCH = YES;
				"CODE_SIGN_IDENTITY[sdk=iphoneos*]" = "iPhone Developer";
				COPY_PHASE_STRIP = YES;
				ENABLE_NS_ASSERTIONS = NO;
				ENABLE_STRICT_OBJC_MSGSEND = YES;
				GCC_C_LANGUAGE_STANDARD = gnu99;
				GCC_WARN_64_TO_32_BIT_CONVERSION = YES;
				GCC_WARN_ABOUT_RETURN_TYPE = YES_ERROR;
				GCC_WARN_UNDECLARED_SELECTOR = YES;
				GCC_WARN_UNINITIALIZED_AUTOS = YES_AGGRESSIVE;
				GCC_WARN_UNUSED_FUNCTION = YES;
				GCC_WARN_UNUSED_VARIABLE = YES;
				IPHONEOS_DEPLOYMENT_TARGET = 8.1;
				MTL_ENABLE_DEBUG_INFO = NO;
				SDKROOT = iphoneos;
				VALIDATE_PRODUCT = YES;
			};
			name = Release;
		};
		B50D57CE1AC8F13F00B43CC6 /* Debug */ = {
			isa = XCBuildConfiguration;
			buildSettings = {
				ASSETCATALOG_COMPILER_APPICON_NAME = AppIcon;
				INFOPLIST_FILE = demo_TableView/Info.plist;
				LD_RUNPATH_SEARCH_PATHS = "$(inherited) @executable_path/Frameworks";
				PRODUCT_NAME = "$(TARGET_NAME)";
			};
			name = Debug;
		};
		B50D57CF1AC8F13F00B43CC6 /* Release */ = {
			isa = XCBuildConfiguration;
			buildSettings = {
				ASSETCATALOG_COMPILER_APPICON_NAME = AppIcon;
				INFOPLIST_FILE = demo_TableView/Info.plist;
				LD_RUNPATH_SEARCH_PATHS = "$(inherited) @executable_path/Frameworks";
				PRODUCT_NAME = "$(TARGET_NAME)";
			};
			name = Release;
		};
		B50D57D11AC8F13F00B43CC6 /* Debug */ = {
			isa = XCBuildConfiguration;
			buildSettings = {
				BUNDLE_LOADER = "$(TEST_HOST)";
				FRAMEWORK_SEARCH_PATHS = (
					"$(SDKROOT)/Developer/Library/Frameworks",
					"$(inherited)",
				);
				GCC_PREPROCESSOR_DEFINITIONS = (
					"DEBUG=1",
					"$(inherited)",
				);
				INFOPLIST_FILE = demo_TableViewTests/Info.plist;
				LD_RUNPATH_SEARCH_PATHS = "$(inherited) @executable_path/Frameworks @loader_path/Frameworks";
				PRODUCT_NAME = "$(TARGET_NAME)";
				TEST_HOST = "$(BUILT_PRODUCTS_DIR)/demo_TableView.app/demo_TableView";
			};
			name = Debug;
		};
		B50D57D21AC8F13F00B43CC6 /* Release */ = {
			isa = XCBuildConfiguration;
			buildSettings = {
				BUNDLE_LOADER = "$(TEST_HOST)";
				FRAMEWORK_SEARCH_PATHS = (
					"$(SDKROOT)/Developer/Library/Frameworks",
					"$(inherited)",
				);
				INFOPLIST_FILE = demo_TableViewTests/Info.plist;
				LD_RUNPATH_SEARCH_PATHS = "$(inherited) @executable_path/Frameworks @loader_path/Frameworks";
				PRODUCT_NAME = "$(TARGET_NAME)";
				TEST_HOST = "$(BUILT_PRODUCTS_DIR)/demo_TableView.app/demo_TableView";
			};
			name = Release;
		};
/* End XCBuildConfiguration section */

/* Begin XCConfigurationList section */
		B50D57A51AC8F13F00B43CC6 /* Build configuration list for PBXProject "demo_TableView" */ = {
			isa = XCConfigurationList;
			buildConfigurations = (
				B50D57CB1AC8F13F00B43CC6 /* Debug */,
				B50D57CC1AC8F13F00B43CC6 /* Release */,
			);
			defaultConfigurationIsVisible = 0;
			defaultConfigurationName = Release;
		};
		B50D57CD1AC8F13F00B43CC6 /* Build configuration list for PBXNativeTarget "demo_TableView" */ = {
			isa = XCConfigurationList;
			buildConfigurations = (
				B50D57CE1AC8F13F00B43CC6 /* Debug */,
				B50D57CF1AC8F13F00B43CC6 /* Release */,
			);
			defaultConfigurationIsVisible = 0;
		};
		B50D57D01AC8F13F00B43CC6 /* Build configuration list for PBXNativeTarget "demo_TableViewTests" */ = {
			isa = XCConfigurationList;
			buildConfigurations = (
				B50D57D11AC8F13F00B43CC6 /* Debug */,
				B50D57D21AC8F13F00B43CC6 /* Release */,
			);
			defaultConfigurationIsVisible = 0;
		};
/* End XCConfigurationList section */
	};
	rootObject = B50D57A21AC8F13F00B43CC6 /* Project object */;
}
