// !$*UTF8*$!
{
	archiveVersion = 1;
	classes = {
	};
	objectVersion = 46;
	objects = {

/* Begin PBXBuildFile section */
		B5CCDDE91AB0628200A2288E /* main.m in Sources */ = {isa = PBXBuildFile; fileRef = B5CCDDE81AB0628200A2288E /* main.m */; };
		B5CCDDEC1AB0628200A2288E /* AppDelegate.m in Sources */ = {isa = PBXBuildFile; fileRef = B5CCDDEB1AB0628200A2288E /* AppDelegate.m */; };
		B5CCDDEF1AB0628200A2288E /* ViewController.m in Sources */ = {isa = PBXBuildFile; fileRef = B5CCDDEE1AB0628200A2288E /* ViewController.m */; };
		B5CCDDF21AB0628200A2288E /* Main.storyboard in Resources */ = {isa = PBXBuildFile; fileRef = B5CCDDF01AB0628200A2288E /* Main.storyboard */; };
		B5CCDDF41AB0628200A2288E /* Images.xcassets in Resources */ = {isa = PBXBuildFile; fileRef = B5CCDDF31AB0628200A2288E /* Images.xcassets */; };
		B5CCDDF71AB0628200A2288E /* LaunchScreen.xib in Resources */ = {isa = PBXBuildFile; fileRef = B5CCDDF51AB0628200A2288E /* LaunchScreen.xib */; };
		B5CCDE031AB0628200A2288E /* ConverterTests.m in Sources */ = {isa = PBXBuildFile; fileRef = B5CCDE021AB0628200A2288E /* ConverterTests.m */; };
/* End PBXBuildFile section */

/* Begin PBXContainerItemProxy section */
		B5CCDDFD1AB0628200A2288E /* PBXContainerItemProxy */ = {
			isa = PBXContainerItemProxy;
			containerPortal = B5CCDDDB1AB0628200A2288E /* Project object */;
			proxyType = 1;
			remoteGlobalIDString = B5CCDDE21AB0628200A2288E;
			remoteInfo = Converter;
		};
/* End PBXContainerItemProxy section */

/* Begin PBXFileReference section */
		B5CCDDE31AB0628200A2288E /* Converter.app */ = {isa = PBXFileReference; explicitFileType = wrapper.application; includeInIndex = 0; path = Converter.app; sourceTree = BUILT_PRODUCTS_DIR; };
		B5CCDDE71AB0628200A2288E /* Info.plist */ = {isa = PBXFileReference; lastKnownFileType = text.plist.xml; path = Info.plist; sourceTree = "<group>"; };
		B5CCDDE81AB0628200A2288E /* main.m */ = {isa = PBXFileReference; lastKnownFileType = sourcecode.c.objc; path = main.m; sourceTree = "<group>"; };
		B5CCDDEA1AB0628200A2288E /* AppDelegate.h */ = {isa = PBXFileReference; lastKnownFileType = sourcecode.c.h; path = AppDelegate.h; sourceTree = "<group>"; };
		B5CCDDEB1AB0628200A2288E /* AppDelegate.m */ = {isa = PBXFileReference; lastKnownFileType = sourcecode.c.objc; path = AppDelegate.m; sourceTree = "<group>"; };
		B5CCDDED1AB0628200A2288E /* ViewController.h */ = {isa = PBXFileReference; lastKnownFileType = sourcecode.c.h; path = ViewController.h; sourceTree = "<group>"; };
		B5CCDDEE1AB0628200A2288E /* ViewController.m */ = {isa = PBXFileReference; lastKnownFileType = sourcecode.c.objc; path = ViewController.m; sourceTree = "<group>"; };
		B5CCDDF11AB0628200A2288E /* Base */ = {isa = PBXFileReference; lastKnownFileType = file.storyboard; name = Base; path = Base.lproj/Main.storyboard; sourceTree = "<group>"; };
		B5CCDDF31AB0628200A2288E /* Images.xcassets */ = {isa = PBXFileReference; lastKnownFileType = folder.assetcatalog; path = Images.xcassets; sourceTree = "<group>"; };
		B5CCDDF61AB0628200A2288E /* Base */ = {isa = PBXFileReference; lastKnownFileType = file.xib; name = Base; path = Base.lproj/LaunchScreen.xib; sourceTree = "<group>"; };
		B5CCDDFC1AB0628200A2288E /* ConverterTests.xctest */ = {isa = PBXFileReference; explicitFileType = wrapper.cfbundle; includeInIndex = 0; path = ConverterTests.xctest; sourceTree = BUILT_PRODUCTS_DIR; };
		B5CCDE011AB0628200A2288E /* Info.plist */ = {isa = PBXFileReference; lastKnownFileType = text.plist.xml; path = Info.plist; sourceTree = "<group>"; };
		B5CCDE021AB0628200A2288E /* ConverterTests.m */ = {isa = PBXFileReference; lastKnownFileType = sourcecode.c.objc; path = ConverterTests.m; sourceTree = "<group>"; };
/* End PBXFileReference section */

/* Begin PBXFrameworksBuildPhase section */
		B5CCDDE01AB0628200A2288E /* Frameworks */ = {
			isa = PBXFrameworksBuildPhase;
			buildActionMask = 2147483647;
			files = (
			);
			runOnlyForDeploymentPostprocessing = 0;
		};
		B5CCDDF91AB0628200A2288E /* Frameworks */ = {
			isa = PBXFrameworksBuildPhase;
			buildActionMask = 2147483647;
			files = (
			);
			runOnlyForDeploymentPostprocessing = 0;
		};
/* End PBXFrameworksBuildPhase section */

/* Begin PBXGroup section */
		B5CCDDDA1AB0628200A2288E = {
			isa = PBXGroup;
			children = (
				B5CCDDE51AB0628200A2288E /* Converter */,
				B5CCDDFF1AB0628200A2288E /* ConverterTests */,
				B5CCDDE41AB0628200A2288E /* Products */,
			);
			sourceTree = "<group>";
		};
		B5CCDDE41AB0628200A2288E /* Products */ = {
			isa = PBXGroup;
			children = (
				B5CCDDE31AB0628200A2288E /* Converter.app */,
				B5CCDDFC1AB0628200A2288E /* ConverterTests.xctest */,
			);
			name = Products;
			sourceTree = "<group>";
		};
		B5CCDDE51AB0628200A2288E /* Converter */ = {
			isa = PBXGroup;
			children = (
				B5CCDDEA1AB0628200A2288E /* AppDelegate.h */,
				B5CCDDEB1AB0628200A2288E /* AppDelegate.m */,
				B5CCDDED1AB0628200A2288E /* ViewController.h */,
				B5CCDDEE1AB0628200A2288E /* ViewController.m */,
				B5CCDDF01AB0628200A2288E /* Main.storyboard */,
				B5CCDDF31AB0628200A2288E /* Images.xcassets */,
				B5CCDDF51AB0628200A2288E /* LaunchScreen.xib */,
				B5CCDDE61AB0628200A2288E /* Supporting Files */,
			);
			path = Converter;
			sourceTree = "<group>";
		};
		B5CCDDE61AB0628200A2288E /* Supporting Files */ = {
			isa = PBXGroup;
			children = (
				B5CCDDE71AB0628200A2288E /* Info.plist */,
				B5CCDDE81AB0628200A2288E /* main.m */,
			);
			name = "Supporting Files";
			sourceTree = "<group>";
		};
		B5CCDDFF1AB0628200A2288E /* ConverterTests */ = {
			isa = PBXGroup;
			children = (
				B5CCDE021AB0628200A2288E /* ConverterTests.m */,
				B5CCDE001AB0628200A2288E /* Supporting Files */,
			);
			path = ConverterTests;
			sourceTree = "<group>";
		};
		B5CCDE001AB0628200A2288E /* Supporting Files */ = {
			isa = PBXGroup;
			children = (
				B5CCDE011AB0628200A2288E /* Info.plist */,
			);
			name = "Supporting Files";
			sourceTree = "<group>";
		};
/* End PBXGroup section */

/* Begin PBXNativeTarget section */
		B5CCDDE21AB0628200A2288E /* Converter */ = {
			isa = PBXNativeTarget;
			buildConfigurationList = B5CCDE061AB0628200A2288E /* Build configuration list for PBXNativeTarget "Converter" */;
			buildPhases = (
				B5CCDDDF1AB0628200A2288E /* Sources */,
				B5CCDDE01AB0628200A2288E /* Frameworks */,
				B5CCDDE11AB0628200A2288E /* Resources */,
			);
			buildRules = (
			);
			dependencies = (
			);
			name = Converter;
			productName = Converter;
			productReference = B5CCDDE31AB0628200A2288E /* Converter.app */;
			productType = "com.apple.product-type.application";
		};
		B5CCDDFB1AB0628200A2288E /* ConverterTests */ = {
			isa = PBXNativeTarget;
			buildConfigurationList = B5CCDE091AB0628200A2288E /* Build configuration list for PBXNativeTarget "ConverterTests" */;
			buildPhases = (
				B5CCDDF81AB0628200A2288E /* Sources */,
				B5CCDDF91AB0628200A2288E /* Frameworks */,
				B5CCDDFA1AB0628200A2288E /* Resources */,
			);
			buildRules = (
			);
			dependencies = (
				B5CCDDFE1AB0628200A2288E /* PBXTargetDependency */,
			);
			name = ConverterTests;
			productName = ConverterTests;
			productReference = B5CCDDFC1AB0628200A2288E /* ConverterTests.xctest */;
			productType = "com.apple.product-type.bundle.unit-test";
		};
/* End PBXNativeTarget section */

/* Begin PBXProject section */
		B5CCDDDB1AB0628200A2288E /* Project object */ = {
			isa = PBXProject;
			attributes = {
				LastUpgradeCheck = 0610;
				ORGANIZATIONNAME = CPTTM;
				TargetAttributes = {
					B5CCDDE21AB0628200A2288E = {
						CreatedOnToolsVersion = 6.1.1;
					};
					B5CCDDFB1AB0628200A2288E = {
						CreatedOnToolsVersion = 6.1.1;
						TestTargetID = B5CCDDE21AB0628200A2288E;
					};
				};
			};
			buildConfigurationList = B5CCDDDE1AB0628200A2288E /* Build configuration list for PBXProject "Converter" */;
			compatibilityVersion = "Xcode 3.2";
			developmentRegion = English;
			hasScannedForEncodings = 0;
			knownRegions = (
				en,
				Base,
			);
			mainGroup = B5CCDDDA1AB0628200A2288E;
			productRefGroup = B5CCDDE41AB0628200A2288E /* Products */;
			projectDirPath = "";
			projectRoot = "";
			targets = (
				B5CCDDE21AB0628200A2288E /* Converter */,
				B5CCDDFB1AB0628200A2288E /* ConverterTests */,
			);
		};
/* End PBXProject section */

/* Begin PBXResourcesBuildPhase section */
		B5CCDDE11AB0628200A2288E /* Resources */ = {
			isa = PBXResourcesBuildPhase;
			buildActionMask = 2147483647;
			files = (
				B5CCDDF21AB0628200A2288E /* Main.storyboard in Resources */,
				B5CCDDF71AB0628200A2288E /* LaunchScreen.xib in Resources */,
				B5CCDDF41AB0628200A2288E /* Images.xcassets in Resources */,
			);
			runOnlyForDeploymentPostprocessing = 0;
		};
		B5CCDDFA1AB0628200A2288E /* Resources */ = {
			isa = PBXResourcesBuildPhase;
			buildActionMask = 2147483647;
			files = (
			);
			runOnlyForDeploymentPostprocessing = 0;
		};
/* End PBXResourcesBuildPhase section */

/* Begin PBXSourcesBuildPhase section */
		B5CCDDDF1AB0628200A2288E /* Sources */ = {
			isa = PBXSourcesBuildPhase;
			buildActionMask = 2147483647;
			files = (
				B5CCDDEF1AB0628200A2288E /* ViewController.m in Sources */,
				B5CCDDEC1AB0628200A2288E /* AppDelegate.m in Sources */,
				B5CCDDE91AB0628200A2288E /* main.m in Sources */,
			);
			runOnlyForDeploymentPostprocessing = 0;
		};
		B5CCDDF81AB0628200A2288E /* Sources */ = {
			isa = PBXSourcesBuildPhase;
			buildActionMask = 2147483647;
			files = (
				B5CCDE031AB0628200A2288E /* ConverterTests.m in Sources */,
			);
			runOnlyForDeploymentPostprocessing = 0;
		};
/* End PBXSourcesBuildPhase section */

/* Begin PBXTargetDependency section */
		B5CCDDFE1AB0628200A2288E /* PBXTargetDependency */ = {
			isa = PBXTargetDependency;
			target = B5CCDDE21AB0628200A2288E /* Converter */;
			targetProxy = B5CCDDFD1AB0628200A2288E /* PBXContainerItemProxy */;
		};
/* End PBXTargetDependency section */

/* Begin PBXVariantGroup section */
		B5CCDDF01AB0628200A2288E /* Main.storyboard */ = {
			isa = PBXVariantGroup;
			children = (
				B5CCDDF11AB0628200A2288E /* Base */,
			);
			name = Main.storyboard;
			sourceTree = "<group>";
		};
		B5CCDDF51AB0628200A2288E /* LaunchScreen.xib */ = {
			isa = PBXVariantGroup;
			children = (
				B5CCDDF61AB0628200A2288E /* Base */,
			);
			name = LaunchScreen.xib;
			sourceTree = "<group>";
		};
/* End PBXVariantGroup section */

/* Begin XCBuildConfiguration section */
		B5CCDE041AB0628200A2288E /* Debug */ = {
			isa = XCBuildConfiguration;
			buildSettings = {
				ALWAYS_SEARCH_USER_PATHS = NO;
				CLANG_CXX_LANGUAGE_STANDARD = "gnu++0x";
				CLANG_CXX_LIBRARY = "libc++";
				CLANG_ENABLE_MODULES = YES;
				CLANG_ENABLE_OBJC_ARC = YES;
				CLANG_WARN_BOOL_CONVERSION = YES;
				CLANG_WARN_CONSTANT_CONVERSION = YES;
				CLANG_WARN_DIRECT_OBJC_ISA_USAGE = YES_ERROR;
				CLANG_WARN_EMPTY_BODY = YES;
				CLANG_WARN_ENUM_CONVERSION = YES;
				CLANG_WARN_INT_CONVERSION = YES;
				CLANG_WARN_OBJC_ROOT_CLASS = YES_ERROR;
				CLANG_WARN_UNREACHABLE_CODE = YES;
				CLANG_WARN__DUPLICATE_METHOD_MATCH = YES;
				"CODE_SIGN_IDENTITY[sdk=iphoneos*]" = "iPhone Developer";
				COPY_PHASE_STRIP = NO;
				ENABLE_STRICT_OBJC_MSGSEND = YES;
				GCC_C_LANGUAGE_STANDARD = gnu99;
				GCC_DYNAMIC_NO_PIC = NO;
				GCC_OPTIMIZATION_LEVEL = 0;
				GCC_PREPROCESSOR_DEFINITIONS = (
					"DEBUG=1",
					"$(inherited)",
				);
				GCC_SYMBOLS_PRIVATE_EXTERN = NO;
				GCC_WARN_64_TO_32_BIT_CONVERSION = YES;
				GCC_WARN_ABOUT_RETURN_TYPE = YES_ERROR;
				GCC_WARN_UNDECLARED_SELECTOR = YES;
				GCC_WARN_UNINITIALIZED_AUTOS = YES_AGGRESSIVE;
				GCC_WARN_UNUSED_FUNCTION = YES;
				GCC_WARN_UNUSED_VARIABLE = YES;
				IPHONEOS_DEPLOYMENT_TARGET = 8.1;
				MTL_ENABLE_DEBUG_INFO = YES;
				ONLY_ACTIVE_ARCH = YES;
				SDKROOT = iphoneos;
			};
			name = Debug;
		};
		B5CCDE051AB0628200A2288E /* Release */ = {
			isa = XCBuildConfiguration;
			buildSettings = {
				ALWAYS_SEARCH_USER_PATHS = NO;
				CLANG_CXX_LANGUAGE_STANDARD = "gnu++0x";
				CLANG_CXX_LIBRARY = "libc++";
				CLANG_ENABLE_MODULES = YES;
				CLANG_ENABLE_OBJC_ARC = YES;
				CLANG_WARN_BOOL_CONVERSION = YES;
				CLANG_WARN_CONSTANT_CONVERSION = YES;
				CLANG_WARN_DIRECT_OBJC_ISA_USAGE = YES_ERROR;
				CLANG_WARN_EMPTY_BODY = YES;
				CLANG_WARN_ENUM_CONVERSION = YES;
				CLANG_WARN_INT_CONVERSION = YES;
				CLANG_WARN_OBJC_ROOT_CLASS = YES_ERROR;
				CLANG_WARN_UNREACHABLE_CODE = YES;
				CLANG_WARN__DUPLICATE_METHOD_MATCH = YES;
				"CODE_SIGN_IDENTITY[sdk=iphoneos*]" = "iPhone Developer";
				COPY_PHASE_STRIP = YES;
				ENABLE_NS_ASSERTIONS = NO;
				ENABLE_STRICT_OBJC_MSGSEND = YES;
				GCC_C_LANGUAGE_STANDARD = gnu99;
				GCC_WARN_64_TO_32_BIT_CONVERSION = YES;
				GCC_WARN_ABOUT_RETURN_TYPE = YES_ERROR;
				GCC_WARN_UNDECLARED_SELECTOR = YES;
				GCC_WARN_UNINITIALIZED_AUTOS = YES_AGGRESSIVE;
				GCC_WARN_UNUSED_FUNCTION = YES;
				GCC_WARN_UNUSED_VARIABLE = YES;
				IPHONEOS_DEPLOYMENT_TARGET = 8.1;
				MTL_ENABLE_DEBUG_INFO = NO;
				SDKROOT = iphoneos;
				VALIDATE_PRODUCT = YES;
			};
			name = Release;
		};
		B5CCDE071AB0628200A2288E /* Debug */ = {
			isa = XCBuildConfiguration;
			buildSettings = {
				ASSETCATALOG_COMPILER_APPICON_NAME = AppIcon;
				INFOPLIST_FILE = Converter/Info.plist;
				IPHONEOS_DEPLOYMENT_TARGET = 6.1;
				LD_RUNPATH_SEARCH_PATHS = "$(inherited) @executable_path/Frameworks";
				PRODUCT_NAME = "$(TARGET_NAME)";
			};
			name = Debug;
		};
		B5CCDE081AB0628200A2288E /* Release */ = {
			isa = XCBuildConfiguration;
			buildSettings = {
				ASSETCATALOG_COMPILER_APPICON_NAME = AppIcon;
				INFOPLIST_FILE = Converter/Info.plist;
				IPHONEOS_DEPLOYMENT_TARGET = 6.1;
				LD_RUNPATH_SEARCH_PATHS = "$(inherited) @executable_path/Frameworks";
				PRODUCT_NAME = "$(TARGET_NAME)";
			};
			name = Release;
		};
		B5CCDE0A1AB0628200A2288E /* Debug */ = {
			isa = XCBuildConfiguration;
			buildSettings = {
				BUNDLE_LOADER = "$(TEST_HOST)";
				FRAMEWORK_SEARCH_PATHS = (
					"$(SDKROOT)/Developer/Library/Frameworks",
					"$(inherited)",
				);
				GCC_PREPROCESSOR_DEFINITIONS = (
					"DEBUG=1",
					"$(inherited)",
				);
				INFOPLIST_FILE = ConverterTests/Info.plist;
				LD_RUNPATH_SEARCH_PATHS = "$(inherited) @executable_path/Frameworks @loader_path/Frameworks";
				PRODUCT_NAME = "$(TARGET_NAME)";
				TEST_HOST = "$(BUILT_PRODUCTS_DIR)/Converter.app/Converter";
			};
			name = Debug;
		};
		B5CCDE0B1AB0628200A2288E /* Release */ = {
			isa = XCBuildConfiguration;
			buildSettings = {
				BUNDLE_LOADER = "$(TEST_HOST)";
				FRAMEWORK_SEARCH_PATHS = (
					"$(SDKROOT)/Developer/Library/Frameworks",
					"$(inherited)",
				);
				INFOPLIST_FILE = ConverterTests/Info.plist;
				LD_RUNPATH_SEARCH_PATHS = "$(inherited) @executable_path/Frameworks @loader_path/Frameworks";
				PRODUCT_NAME = "$(TARGET_NAME)";
				TEST_HOST = "$(BUILT_PRODUCTS_DIR)/Converter.app/Converter";
			};
			name = Release;
		};
/* End XCBuildConfiguration section */

/* Begin XCConfigurationList section */
		B5CCDDDE1AB0628200A2288E /* Build configuration list for PBXProject "Converter" */ = {
			isa = XCConfigurationList;
			buildConfigurations = (
				B5CCDE041AB0628200A2288E /* Debug */,
				B5CCDE051AB0628200A2288E /* Release */,
			);
			defaultConfigurationIsVisible = 0;
			defaultConfigurationName = Release;
		};
		B5CCDE061AB0628200A2288E /* Build configuration list for PBXNativeTarget "Converter" */ = {
			isa = XCConfigurationList;
			buildConfigurations = (
				B5CCDE071AB0628200A2288E /* Debug */,
				B5CCDE081AB0628200A2288E /* Release */,
			);
			defaultConfigurationIsVisible = 0;
		};
		B5CCDE091AB0628200A2288E /* Build configuration list for PBXNativeTarget "ConverterTests" */ = {
			isa = XCConfigurationList;
			buildConfigurations = (
				B5CCDE0A1AB0628200A2288E /* Debug */,
				B5CCDE0B1AB0628200A2288E /* Release */,
			);
			defaultConfigurationIsVisible = 0;
		};
/* End XCConfigurationList section */
	};
	rootObject = B5CCDDDB1AB0628200A2288E /* Project object */;
}
