// !$*UTF8*$!
{
	archiveVersion = 1;
	classes = {
	};
	objectVersion = 46;
	objects = {

/* Begin PBXBuildFile section */
		B56D67231B0C682F00104D0A /* AppDelegate.swift in Sources */ = {isa = PBXBuildFile; fileRef = B56D67221B0C682F00104D0A /* AppDelegate.swift */; };
		B56D67251B0C682F00104D0A /* ViewController.swift in Sources */ = {isa = PBXBuildFile; fileRef = B56D67241B0C682F00104D0A /* ViewController.swift */; };
		B56D67281B0C682F00104D0A /* Main.storyboard in Resources */ = {isa = PBXBuildFile; fileRef = B56D67261B0C682F00104D0A /* Main.storyboard */; };
		B56D672A1B0C682F00104D0A /* Images.xcassets in Resources */ = {isa = PBXBuildFile; fileRef = B56D67291B0C682F00104D0A /* Images.xcassets */; };
		B56D672D1B0C683000104D0A /* LaunchScreen.xib in Resources */ = {isa = PBXBuildFile; fileRef = B56D672B1B0C683000104D0A /* LaunchScreen.xib */; };
		B56D67391B0C683000104D0A /* demo_objc_in_swiftTests.swift in Sources */ = {isa = PBXBuildFile; fileRef = B56D67381B0C683000104D0A /* demo_objc_in_swiftTests.swift */; };
		B56D67451B0C69D600104D0A /* MyObject.m in Sources */ = {isa = PBXBuildFile; fileRef = B56D67441B0C69D600104D0A /* MyObject.m */; };
/* End PBXBuildFile section */

/* Begin PBXContainerItemProxy section */
		B56D67331B0C683000104D0A /* PBXContainerItemProxy */ = {
			isa = PBXContainerItemProxy;
			containerPortal = B56D67151B0C682F00104D0A /* Project object */;
			proxyType = 1;
			remoteGlobalIDString = B56D671C1B0C682F00104D0A;
			remoteInfo = demo_objc_in_swift;
		};
/* End PBXContainerItemProxy section */

/* Begin PBXFileReference section */
		B56D671D1B0C682F00104D0A /* demo_objc_in_swift.app */ = {isa = PBXFileReference; explicitFileType = wrapper.application; includeInIndex = 0; path = demo_objc_in_swift.app; sourceTree = BUILT_PRODUCTS_DIR; };
		B56D67211B0C682F00104D0A /* Info.plist */ = {isa = PBXFileReference; lastKnownFileType = text.plist.xml; path = Info.plist; sourceTree = "<group>"; };
		B56D67221B0C682F00104D0A /* AppDelegate.swift */ = {isa = PBXFileReference; lastKnownFileType = sourcecode.swift; path = AppDelegate.swift; sourceTree = "<group>"; };
		B56D67241B0C682F00104D0A /* ViewController.swift */ = {isa = PBXFileReference; lastKnownFileType = sourcecode.swift; path = ViewController.swift; sourceTree = "<group>"; };
		B56D67271B0C682F00104D0A /* Base */ = {isa = PBXFileReference; lastKnownFileType = file.storyboard; name = Base; path = Base.lproj/Main.storyboard; sourceTree = "<group>"; };
		B56D67291B0C682F00104D0A /* Images.xcassets */ = {isa = PBXFileReference; lastKnownFileType = folder.assetcatalog; path = Images.xcassets; sourceTree = "<group>"; };
		B56D672C1B0C683000104D0A /* Base */ = {isa = PBXFileReference; lastKnownFileType = file.xib; name = Base; path = Base.lproj/LaunchScreen.xib; sourceTree = "<group>"; };
		B56D67321B0C683000104D0A /* demo_objc_in_swiftTests.xctest */ = {isa = PBXFileReference; explicitFileType = wrapper.cfbundle; includeInIndex = 0; path = demo_objc_in_swiftTests.xctest; sourceTree = BUILT_PRODUCTS_DIR; };
		B56D67371B0C683000104D0A /* Info.plist */ = {isa = PBXFileReference; lastKnownFileType = text.plist.xml; path = Info.plist; sourceTree = "<group>"; };
		B56D67381B0C683000104D0A /* demo_objc_in_swiftTests.swift */ = {isa = PBXFileReference; lastKnownFileType = sourcecode.swift; path = demo_objc_in_swiftTests.swift; sourceTree = "<group>"; };
		B56D67421B0C69D500104D0A /* demo_objc_in_swift-Bridging-Header.h */ = {isa = PBXFileReference; lastKnownFileType = sourcecode.c.h; path = "demo_objc_in_swift-Bridging-Header.h"; sourceTree = "<group>"; };
		B56D67431B0C69D600104D0A /* MyObject.h */ = {isa = PBXFileReference; fileEncoding = 4; lastKnownFileType = sourcecode.c.h; name = MyObject.h; path = demo_objc_in_swift/MyObject.h; sourceTree = "<group>"; };
		B56D67441B0C69D600104D0A /* MyObject.m */ = {isa = PBXFileReference; fileEncoding = 4; lastKnownFileType = sourcecode.c.objc; name = MyObject.m; path = demo_objc_in_swift/MyObject.m; sourceTree = "<group>"; };
/* End PBXFileReference section */

/* Begin PBXFrameworksBuildPhase section */
		B56D671A1B0C682F00104D0A /* Frameworks */ = {
			isa = PBXFrameworksBuildPhase;
			buildActionMask = 2147483647;
			files = (
			);
			runOnlyForDeploymentPostprocessing = 0;
		};
		B56D672F1B0C683000104D0A /* Frameworks */ = {
			isa = PBXFrameworksBuildPhase;
			buildActionMask = 2147483647;
			files = (
			);
			runOnlyForDeploymentPostprocessing = 0;
		};
/* End PBXFrameworksBuildPhase section */

/* Begin PBXGroup section */
		B56D67141B0C682F00104D0A = {
			isa = PBXGroup;
			children = (
				B56D67431B0C69D600104D0A /* MyObject.h */,
				B56D67441B0C69D600104D0A /* MyObject.m */,
				B56D671F1B0C682F00104D0A /* demo_objc_in_swift */,
				B56D67351B0C683000104D0A /* demo_objc_in_swiftTests */,
				B56D671E1B0C682F00104D0A /* Products */,
				B56D67421B0C69D500104D0A /* demo_objc_in_swift-Bridging-Header.h */,
			);
			sourceTree = "<group>";
		};
		B56D671E1B0C682F00104D0A /* Products */ = {
			isa = PBXGroup;
			children = (
				B56D671D1B0C682F00104D0A /* demo_objc_in_swift.app */,
				B56D67321B0C683000104D0A /* demo_objc_in_swiftTests.xctest */,
			);
			name = Products;
			sourceTree = "<group>";
		};
		B56D671F1B0C682F00104D0A /* demo_objc_in_swift */ = {
			isa = PBXGroup;
			children = (
				B56D67221B0C682F00104D0A /* AppDelegate.swift */,
				B56D67241B0C682F00104D0A /* ViewController.swift */,
				B56D67261B0C682F00104D0A /* Main.storyboard */,
				B56D67291B0C682F00104D0A /* Images.xcassets */,
				B56D672B1B0C683000104D0A /* LaunchScreen.xib */,
				B56D67201B0C682F00104D0A /* Supporting Files */,
			);
			path = demo_objc_in_swift;
			sourceTree = "<group>";
		};
		B56D67201B0C682F00104D0A /* Supporting Files */ = {
			isa = PBXGroup;
			children = (
				B56D67211B0C682F00104D0A /* Info.plist */,
			);
			name = "Supporting Files";
			sourceTree = "<group>";
		};
		B56D67351B0C683000104D0A /* demo_objc_in_swiftTests */ = {
			isa = PBXGroup;
			children = (
				B56D67381B0C683000104D0A /* demo_objc_in_swiftTests.swift */,
				B56D67361B0C683000104D0A /* Supporting Files */,
			);
			path = demo_objc_in_swiftTests;
			sourceTree = "<group>";
		};
		B56D67361B0C683000104D0A /* Supporting Files */ = {
			isa = PBXGroup;
			children = (
				B56D67371B0C683000104D0A /* Info.plist */,
			);
			name = "Supporting Files";
			sourceTree = "<group>";
		};
/* End PBXGroup section */

/* Begin PBXNativeTarget section */
		B56D671C1B0C682F00104D0A /* demo_objc_in_swift */ = {
			isa = PBXNativeTarget;
			buildConfigurationList = B56D673C1B0C683000104D0A /* Build configuration list for PBXNativeTarget "demo_objc_in_swift" */;
			buildPhases = (
				B56D67191B0C682F00104D0A /* Sources */,
				B56D671A1B0C682F00104D0A /* Frameworks */,
				B56D671B1B0C682F00104D0A /* Resources */,
			);
			buildRules = (
			);
			dependencies = (
			);
			name = demo_objc_in_swift;
			productName = demo_objc_in_swift;
			productReference = B56D671D1B0C682F00104D0A /* demo_objc_in_swift.app */;
			productType = "com.apple.product-type.application";
		};
		B56D67311B0C683000104D0A /* demo_objc_in_swiftTests */ = {
			isa = PBXNativeTarget;
			buildConfigurationList = B56D673F1B0C683000104D0A /* Build configuration list for PBXNativeTarget "demo_objc_in_swiftTests" */;
			buildPhases = (
				B56D672E1B0C683000104D0A /* Sources */,
				B56D672F1B0C683000104D0A /* Frameworks */,
				B56D67301B0C683000104D0A /* Resources */,
			);
			buildRules = (
			);
			dependencies = (
				B56D67341B0C683000104D0A /* PBXTargetDependency */,
			);
			name = demo_objc_in_swiftTests;
			productName = demo_objc_in_swiftTests;
			productReference = B56D67321B0C683000104D0A /* demo_objc_in_swiftTests.xctest */;
			productType = "com.apple.product-type.bundle.unit-test";
		};
/* End PBXNativeTarget section */

/* Begin PBXProject section */
		B56D67151B0C682F00104D0A /* Project object */ = {
			isa = PBXProject;
			attributes = {
				LastUpgradeCheck = 0630;
				ORGANIZATIONNAME = cpttm;
				TargetAttributes = {
					B56D671C1B0C682F00104D0A = {
						CreatedOnToolsVersion = 6.3;
					};
					B56D67311B0C683000104D0A = {
						CreatedOnToolsVersion = 6.3;
						TestTargetID = B56D671C1B0C682F00104D0A;
					};
				};
			};
			buildConfigurationList = B56D67181B0C682F00104D0A /* Build configuration list for PBXProject "demo_objc_in_swift" */;
			compatibilityVersion = "Xcode 3.2";
			developmentRegion = English;
			hasScannedForEncodings = 0;
			knownRegions = (
				en,
				Base,
			);
			mainGroup = B56D67141B0C682F00104D0A;
			productRefGroup = B56D671E1B0C682F00104D0A /* Products */;
			projectDirPath = "";
			projectRoot = "";
			targets = (
				B56D671C1B0C682F00104D0A /* demo_objc_in_swift */,
				B56D67311B0C683000104D0A /* demo_objc_in_swiftTests */,
			);
		};
/* End PBXProject section */

/* Begin PBXResourcesBuildPhase section */
		B56D671B1B0C682F00104D0A /* Resources */ = {
			isa = PBXResourcesBuildPhase;
			buildActionMask = 2147483647;
			files = (
				B56D67281B0C682F00104D0A /* Main.storyboard in Resources */,
				B56D672D1B0C683000104D0A /* LaunchScreen.xib in Resources */,
				B56D672A1B0C682F00104D0A /* Images.xcassets in Resources */,
			);
			runOnlyForDeploymentPostprocessing = 0;
		};
		B56D67301B0C683000104D0A /* Resources */ = {
			isa = PBXResourcesBuildPhase;
			buildActionMask = 2147483647;
			files = (
			);
			runOnlyForDeploymentPostprocessing = 0;
		};
/* End PBXResourcesBuildPhase section */

/* Begin PBXSourcesBuildPhase section */
		B56D67191B0C682F00104D0A /* Sources */ = {
			isa = PBXSourcesBuildPhase;
			buildActionMask = 2147483647;
			files = (
				B56D67251B0C682F00104D0A /* ViewController.swift in Sources */,
				B56D67231B0C682F00104D0A /* AppDelegate.swift in Sources */,
				B56D67451B0C69D600104D0A /* MyObject.m in Sources */,
			);
			runOnlyForDeploymentPostprocessing = 0;
		};
		B56D672E1B0C683000104D0A /* Sources */ = {
			isa = PBXSourcesBuildPhase;
			buildActionMask = 2147483647;
			files = (
				B56D67391B0C683000104D0A /* demo_objc_in_swiftTests.swift in Sources */,
			);
			runOnlyForDeploymentPostprocessing = 0;
		};
/* End PBXSourcesBuildPhase section */

/* Begin PBXTargetDependency section */
		B56D67341B0C683000104D0A /* PBXTargetDependency */ = {
			isa = PBXTargetDependency;
			target = B56D671C1B0C682F00104D0A /* demo_objc_in_swift */;
			targetProxy = B56D67331B0C683000104D0A /* PBXContainerItemProxy */;
		};
/* End PBXTargetDependency section */

/* Begin PBXVariantGroup section */
		B56D67261B0C682F00104D0A /* Main.storyboard */ = {
			isa = PBXVariantGroup;
			children = (
				B56D67271B0C682F00104D0A /* Base */,
			);
			name = Main.storyboard;
			sourceTree = "<group>";
		};
		B56D672B1B0C683000104D0A /* LaunchScreen.xib */ = {
			isa = PBXVariantGroup;
			children = (
				B56D672C1B0C683000104D0A /* Base */,
			);
			name = LaunchScreen.xib;
			sourceTree = "<group>";
		};
/* End PBXVariantGroup section */

/* Begin XCBuildConfiguration section */
		B56D673A1B0C683000104D0A /* Debug */ = {
			isa = XCBuildConfiguration;
			buildSettings = {
				ALWAYS_SEARCH_USER_PATHS = NO;
				CLANG_CXX_LANGUAGE_STANDARD = "gnu++0x";
				CLANG_CXX_LIBRARY = "libc++";
				CLANG_ENABLE_MODULES = YES;
				CLANG_ENABLE_OBJC_ARC = YES;
				CLANG_WARN_BOOL_CONVERSION = YES;
				CLANG_WARN_CONSTANT_CONVERSION = YES;
				CLANG_WARN_DIRECT_OBJC_ISA_USAGE = YES_ERROR;
				CLANG_WARN_EMPTY_BODY = YES;
				CLANG_WARN_ENUM_CONVERSION = YES;
				CLANG_WARN_INT_CONVERSION = YES;
				CLANG_WARN_OBJC_ROOT_CLASS = YES_ERROR;
				CLANG_WARN_UNREACHABLE_CODE = YES;
				CLANG_WARN__DUPLICATE_METHOD_MATCH = YES;
				"CODE_SIGN_IDENTITY[sdk=iphoneos*]" = "iPhone Developer";
				COPY_PHASE_STRIP = NO;
				DEBUG_INFORMATION_FORMAT = "dwarf-with-dsym";
				ENABLE_STRICT_OBJC_MSGSEND = YES;
				GCC_C_LANGUAGE_STANDARD = gnu99;
				GCC_DYNAMIC_NO_PIC = NO;
				GCC_NO_COMMON_BLOCKS = YES;
				GCC_OPTIMIZATION_LEVEL = 0;
				GCC_PREPROCESSOR_DEFINITIONS = (
					"DEBUG=1",
					"$(inherited)",
				);
				GCC_SYMBOLS_PRIVATE_EXTERN = NO;
				GCC_WARN_64_TO_32_BIT_CONVERSION = YES;
				GCC_WARN_ABOUT_RETURN_TYPE = YES_ERROR;
				GCC_WARN_UNDECLARED_SELECTOR = YES;
				GCC_WARN_UNINITIALIZED_AUTOS = YES_AGGRESSIVE;
				GCC_WARN_UNUSED_FUNCTION = YES;
				GCC_WARN_UNUSED_VARIABLE = YES;
				IPHONEOS_DEPLOYMENT_TARGET = 8.3;
				MTL_ENABLE_DEBUG_INFO = YES;
				ONLY_ACTIVE_ARCH = YES;
				SDKROOT = iphoneos;
				SWIFT_OPTIMIZATION_LEVEL = "-Onone";
			};
			name = Debug;
		};
		B56D673B1B0C683000104D0A /* Release */ = {
			isa = XCBuildConfiguration;
			buildSettings = {
				ALWAYS_SEARCH_USER_PATHS = NO;
				CLANG_CXX_LANGUAGE_STANDARD = "gnu++0x";
				CLANG_CXX_LIBRARY = "libc++";
				CLANG_ENABLE_MODULES = YES;
				CLANG_ENABLE_OBJC_ARC = YES;
				CLANG_WARN_BOOL_CONVERSION = YES;
				CLANG_WARN_CONSTANT_CONVERSION = YES;
				CLANG_WARN_DIRECT_OBJC_ISA_USAGE = YES_ERROR;
				CLANG_WARN_EMPTY_BODY = YES;
				CLANG_WARN_ENUM_CONVERSION = YES;
				CLANG_WARN_INT_CONVERSION = YES;
				CLANG_WARN_OBJC_ROOT_CLASS = YES_ERROR;
				CLANG_WARN_UNREACHABLE_CODE = YES;
				CLANG_WARN__DUPLICATE_METHOD_MATCH = YES;
				"CODE_SIGN_IDENTITY[sdk=iphoneos*]" = "iPhone Developer";
				COPY_PHASE_STRIP = NO;
				DEBUG_INFORMATION_FORMAT = "dwarf-with-dsym";
				ENABLE_NS_ASSERTIONS = NO;
				ENABLE_STRICT_OBJC_MSGSEND = YES;
				GCC_C_LANGUAGE_STANDARD = gnu99;
				GCC_NO_COMMON_BLOCKS = YES;
				GCC_WARN_64_TO_32_BIT_CONVERSION = YES;
				GCC_WARN_ABOUT_RETURN_TYPE = YES_ERROR;
				GCC_WARN_UNDECLARED_SELECTOR = YES;
				GCC_WARN_UNINITIALIZED_AUTOS = YES_AGGRESSIVE;
				GCC_WARN_UNUSED_FUNCTION = YES;
				GCC_WARN_UNUSED_VARIABLE = YES;
				IPHONEOS_DEPLOYMENT_TARGET = 8.3;
				MTL_ENABLE_DEBUG_INFO = NO;
				SDKROOT = iphoneos;
				VALIDATE_PRODUCT = YES;
			};
			name = Release;
		};
		B56D673D1B0C683000104D0A /* Debug */ = {
			isa = XCBuildConfiguration;
			buildSettings = {
				ASSETCATALOG_COMPILER_APPICON_NAME = AppIcon;
				CLANG_ENABLE_MODULES = YES;
				INFOPLIST_FILE = demo_objc_in_swift/Info.plist;
				LD_RUNPATH_SEARCH_PATHS = "$(inherited) @executable_path/Frameworks";
				PRODUCT_NAME = "$(TARGET_NAME)";
				SWIFT_OBJC_BRIDGING_HEADER = "demo_objc_in_swift-Bridging-Header.h";
				SWIFT_OPTIMIZATION_LEVEL = "-Onone";
			};
			name = Debug;
		};
		B56D673E1B0C683000104D0A /* Release */ = {
			isa = XCBuildConfiguration;
			buildSettings = {
				ASSETCATALOG_COMPILER_APPICON_NAME = AppIcon;
				CLANG_ENABLE_MODULES = YES;
				INFOPLIST_FILE = demo_objc_in_swift/Info.plist;
				LD_RUNPATH_SEARCH_PATHS = "$(inherited) @executable_path/Frameworks";
				PRODUCT_NAME = "$(TARGET_NAME)";
				SWIFT_OBJC_BRIDGING_HEADER = "demo_objc_in_swift-Bridging-Header.h";
			};
			name = Release;
		};
		B56D67401B0C683000104D0A /* Debug */ = {
			isa = XCBuildConfiguration;
			buildSettings = {
				BUNDLE_LOADER = "$(TEST_HOST)";
				FRAMEWORK_SEARCH_PATHS = (
					"$(SDKROOT)/Developer/Library/Frameworks",
					"$(inherited)",
				);
				GCC_PREPROCESSOR_DEFINITIONS = (
					"DEBUG=1",
					"$(inherited)",
				);
				INFOPLIST_FILE = demo_objc_in_swiftTests/Info.plist;
				LD_RUNPATH_SEARCH_PATHS = "$(inherited) @executable_path/Frameworks @loader_path/Frameworks";
				PRODUCT_NAME = "$(TARGET_NAME)";
				TEST_HOST = "$(BUILT_PRODUCTS_DIR)/demo_objc_in_swift.app/demo_objc_in_swift";
			};
			name = Debug;
		};
		B56D67411B0C683000104D0A /* Release */ = {
			isa = XCBuildConfiguration;
			buildSettings = {
				BUNDLE_LOADER = "$(TEST_HOST)";
				FRAMEWORK_SEARCH_PATHS = (
					"$(SDKROOT)/Developer/Library/Frameworks",
					"$(inherited)",
				);
				INFOPLIST_FILE = demo_objc_in_swiftTests/Info.plist;
				LD_RUNPATH_SEARCH_PATHS = "$(inherited) @executable_path/Frameworks @loader_path/Frameworks";
				PRODUCT_NAME = "$(TARGET_NAME)";
				TEST_HOST = "$(BUILT_PRODUCTS_DIR)/demo_objc_in_swift.app/demo_objc_in_swift";
			};
			name = Release;
		};
/* End XCBuildConfiguration section */

/* Begin XCConfigurationList section */
		B56D67181B0C682F00104D0A /* Build configuration list for PBXProject "demo_objc_in_swift" */ = {
			isa = XCConfigurationList;
			buildConfigurations = (
				B56D673A1B0C683000104D0A /* Debug */,
				B56D673B1B0C683000104D0A /* Release */,
			);
			defaultConfigurationIsVisible = 0;
			defaultConfigurationName = Release;
		};
		B56D673C1B0C683000104D0A /* Build configuration list for PBXNativeTarget "demo_objc_in_swift" */ = {
			isa = XCConfigurationList;
			buildConfigurations = (
				B56D673D1B0C683000104D0A /* Debug */,
				B56D673E1B0C683000104D0A /* Release */,
			);
			defaultConfigurationIsVisible = 0;
		};
		B56D673F1B0C683000104D0A /* Build configuration list for PBXNativeTarget "demo_objc_in_swiftTests" */ = {
			isa = XCConfigurationList;
			buildConfigurations = (
				B56D67401B0C683000104D0A /* Debug */,
				B56D67411B0C683000104D0A /* Release */,
			);
			defaultConfigurationIsVisible = 0;
		};
/* End XCConfigurationList section */
	};
	rootObject = B56D67151B0C682F00104D0A /* Project object */;
}
